{
  "version": 4,
  "terraform_version": "1.13.0",
  "serial": 231,
  "lineage": "fd976750-ab92-b422-ce02-251a1211db29",
  "outputs": {
    "explanations": {
      "value": [],
      "type": [
        "list",
        [
          "object",
          {
            "acl": [
              "list",
              [
                "object",
                {
                  "arn": "string",
                  "id": "string",
                  "name": "string"
                }
              ]
            ],
            "acl_rule": [
              "list",
              [
                "object",
                {
                  "cidr": "string",
                  "egress": "bool",
                  "port_range": [
                    "list",
                    [
                      "object",
                      {
                        "from": "number",
                        "to": "number"
                      }
                    ]
                  ],
                  "protocol": "string",
                  "rule_action": "string",
                  "rule_number": "number"
                }
              ]
            ],
            "address": "string",
            "addresses": [
              "list",
              "string"
            ],
            "attached_to": [
              "list",
              [
                "object",
                {
                  "arn": "string",
                  "id": "string",
                  "name": "string"
                }
              ]
            ],
            "availability_zones": [
              "list",
              "string"
            ],
            "cidrs": [
              "list",
              "string"
            ],
            "classic_load_balancer_listener": [
              "list",
              [
                "object",
                {
                  "instance_port": "number",
                  "load_balancer_port": "number"
                }
              ]
            ],
            "component": [
              "list",
              [
                "object",
                {
                  "arn": "string",
                  "id": "string",
                  "name": "string"
                }
              ]
            ],
            "customer_gateway": [
              "list",
              [
                "object",
                {
                  "arn": "string",
                  "id": "string",
                  "name": "string"
                }
              ]
            ],
            "destination": [
              "list",
              [
                "object",
                {
                  "arn": "string",
                  "id": "string",
                  "name": "string"
                }
              ]
            ],
            "destination_vpc": [
              "list",
              [
                "object",
                {
                  "arn": "string",
                  "id": "string",
                  "name": "string"
                }
              ]
            ],
            "direction": "string",
            "elastic_load_balancer_listener": [
              "list",
              [
                "object",
                {
                  "arn": "string",
                  "id": "string",
                  "name": "string"
                }
              ]
            ],
            "explanation_code": "string",
            "ingress_route_table": [
              "list",
              [
                "object",
                {
                  "arn": "string",
                  "id": "string",
                  "name": "string"
                }
              ]
            ],
            "internet_gateway": [
              "list",
              [
                "object",
                {
                  "arn": "string",
                  "id": "string",
                  "name": "string"
                }
              ]
            ],
            "load_balancer_arn": "string",
            "load_balancer_listener_port": "number",
            "load_balancer_target_group": [
              "list",
              [
                "object",
                {
                  "arn": "string",
                  "id": "string",
                  "name": "string"
                }
              ]
            ],
            "load_balancer_target_groups": [
              "list",
              [
                "object",
                {
                  "arn": "string",
                  "id": "string",
                  "name": "string"
                }
              ]
            ],
            "load_balancer_target_port": "number",
            "missing_component": "string",
            "nat_gateway": [
              "list",
              [
                "object",
                {
                  "arn": "string",
                  "id": "string",
                  "name": "string"
                }
              ]
            ],
            "network_interface": [
              "list",
              [
                "object",
                {
                  "arn": "string",
                  "id": "string",
                  "name": "string"
                }
              ]
            ],
            "packet_field": "string",
            "port": "number",
            "port_ranges": [
              "list",
              [
                "object",
                {
                  "from": "number",
                  "to": "number"
                }
              ]
            ],
            "prefix_list": [
              "list",
              [
                "object",
                {
                  "arn": "string",
                  "id": "string",
                  "name": "string"
                }
              ]
            ],
            "protocols": [
              "list",
              "string"
            ],
            "route_table": [
              "list",
              [
                "object",
                {
                  "arn": "string",
                  "id": "string",
                  "name": "string"
                }
              ]
            ],
            "route_table_route": [
              "list",
              [
                "object",
                {
                  "destination_cidr": "string",
                  "destination_prefix_list_id": "string",
                  "egress_only_internet_gateway_id": "string",
                  "gateway_id": "string",
                  "instance_id": "string",
                  "nat_gateway_id": "string",
                  "network_interface_id": "string",
                  "origin": "string",
                  "transit_gateway_id": "string",
                  "vpc_peering_connection_id": "string"
                }
              ]
            ],
            "security_group": [
              "list",
              [
                "object",
                {
                  "arn": "string",
                  "id": "string",
                  "name": "string"
                }
              ]
            ],
            "security_group_rule": [
              "list",
              [
                "object",
                {
                  "cidr": "string",
                  "direction": "string",
                  "port_range": [
                    "list",
                    [
                      "object",
                      {
                        "from": "number",
                        "to": "number"
                      }
                    ]
                  ],
                  "prefix_list_id": "string",
                  "protocol": "string",
                  "security_group_id": "string"
                }
              ]
            ],
            "security_groups": [
              "list",
              [
                "object",
                {
                  "arn": "string",
                  "id": "string",
                  "name": "string"
                }
              ]
            ],
            "source_vpc": [
              "list",
              [
                "object",
                {
                  "arn": "string",
                  "id": "string",
                  "name": "string"
                }
              ]
            ],
            "state": "string",
            "subnet": [
              "list",
              [
                "object",
                {
                  "arn": "string",
                  "id": "string",
                  "name": "string"
                }
              ]
            ],
            "subnet_route_table": [
              "list",
              [
                "object",
                {
                  "arn": "string",
                  "id": "string",
                  "name": "string"
                }
              ]
            ],
            "transit_gateway": [
              "list",
              [
                "object",
                {
                  "arn": "string",
                  "id": "string",
                  "name": "string"
                }
              ]
            ],
            "transit_gateway_attachment": [
              "list",
              [
                "object",
                {
                  "arn": "string",
                  "id": "string",
                  "name": "string"
                }
              ]
            ],
            "transit_gateway_route_table": [
              "list",
              [
                "object",
                {
                  "arn": "string",
                  "id": "string",
                  "name": "string"
                }
              ]
            ],
            "transit_gateway_route_table_route": [
              "list",
              [
                "object",
                {
                  "attachment_id": "string",
                  "destination_cidr": "string",
                  "prefix_list_id": "string",
                  "resource_id": "string",
                  "resource_type": "string",
                  "route_origin": "string",
                  "state": "string"
                }
              ]
            ],
            "vpc": [
              "list",
              [
                "object",
                {
                  "arn": "string",
                  "id": "string",
                  "name": "string"
                }
              ]
            ],
            "vpc_endpoint": [
              "list",
              [
                "object",
                {
                  "arn": "string",
                  "id": "string",
                  "name": "string"
                }
              ]
            ],
            "vpc_peering_connection": [
              "list",
              [
                "object",
                {
                  "arn": "string",
                  "id": "string",
                  "name": "string"
                }
              ]
            ],
            "vpn_connection": [
              "list",
              [
                "object",
                {
                  "arn": "string",
                  "id": "string",
                  "name": "string"
                }
              ]
            ],
            "vpn_gateway": [
              "list",
              [
                "object",
                {
                  "arn": "string",
                  "id": "string",
                  "name": "string"
                }
              ]
            ]
          }
        ]
      ]
    },
    "home_ip": {
      "value": "24.155.64.208",
      "type": "string"
    },
    "key_pair_name": {
      "value": {
        "arn": "arn:aws:ec2:us-east-2:717694551492:key-pair/windows-only-famous-bunny_windows",
        "fingerprint": "73:b6:52:82:44:69:80:0e:4e:74:d8:a1:0c:4e:79:2a",
        "id": "windows-only-famous-bunny_windows",
        "key_name": "windows-only-famous-bunny_windows",
        "key_name_prefix": "",
        "key_pair_id": "key-02b16235ebac1f111",
        "key_type": "rsa",
        "public_key": "ssh-rsa AAAAB3NzaC1yc2EAAAADAQABAAABAQCvoEK1Z6wHYgtGDn5zqEL5YzLoGnAmmosd9c9MrbVzGWod+Ml0AMY3wuWD/D1SdsrPbVr83TIt3YNGFkXnFfckAHHqsRL3Vs5k48XjaQL7w3dv6kYA/fNxDaPjdkBQaA6/7Jrcsfa95PBO8Y3Q4msB9dwm1F1+fiqwWOU5Uq5xsDvDKKcs6VtyTC79NQtd1idcJQE6danNRz18/O03uDKqfHxXoIYbUOcx5/18+BheqS9c+C6fP1x8L1SWZ40wp+ozzRnQsHFGYOeJl9Lb6cb9biuVcqCHsmm3HF490ChDcC5dikHcww2+dBVYocsDOeqVW6TYlAjUswgFpb6tqjE7",
        "region": "us-east-2",
        "tags": {},
        "tags_all": {}
      },
      "type": [
        "object",
        {
          "arn": "string",
          "fingerprint": "string",
          "id": "string",
          "key_name": "string",
          "key_name_prefix": "string",
          "key_pair_id": "string",
          "key_type": "string",
          "public_key": "string",
          "region": "string",
          "tags": [
            "map",
            "string"
          ],
          "tags_all": [
            "map",
            "string"
          ]
        }
      ]
    },
    "linux_instance_id": {
      "value": "i-0b6cfcc426fada59b",
      "type": "string"
    },
    "linux_instance_private_ip": {
      "value": "172.16.8.88",
      "type": "string"
    },
    "nat_private_ip": {
      "value": "172.16.3.224",
      "type": "string"
    },
    "nat_public_id": {
      "value": "3.148.91.137",
      "type": "string"
    },
    "pavan_web_server_encrypted_pwd": {
      "value": "DqfOiwZxGzsD4PoJkHkDqov0KoQfQyfc3rfe6zP6V3DE9XTaWftfscv8jnNiSB7wN7nzO+1e07k54jHUvba/i/HkNxqG3ZQ59DBMZ0o+aChPl+h4rTcTQX+ypjd+nwkC5ddLLMbTQaQoIy2vMzufzfHIVatZ2kzxNOWxc1Qb0gmoRLNQ3nqbVE+eYGhtLvFCRCfRIcHsEnsMHlGRFJR95oQRkYrfvob2/UKRnoxgXLaflwz9PIYxbe8yh3b/oXUZQocDpNC6szxHsywQhXk/3FTbZpeVhEH5Qp+bPPUpeYSQq/3jI7TaWTYb36KnuZiFCjwnGv48NLJApl71HgQfWg==",
      "type": "string"
    },
    "random_id": {
      "value": "7InHCGllMcE",
      "type": "string"
    },
    "random_id_base64_std": {
      "value": "7InHCGllMcE=",
      "type": "string"
    },
    "random_id_base64_url": {
      "value": "7InHCGllMcE",
      "type": "string"
    },
    "random_id_byte_length": {
      "value": 8,
      "type": "number"
    },
    "random_id_dec": {
      "value": "17044373103702258113",
      "type": "string"
    },
    "random_id_hex": {
      "value": "ec89c708696531c1",
      "type": "string"
    },
    "random_pet": {
      "value": "only-famous-bunny",
      "type": "string"
    },
    "reachable": {
      "value": true,
      "type": "bool"
    },
    "status": {
      "value": "succeeded",
      "type": "string"
    },
    "windows_instance_id": {
      "value": "i-0a0cf195ffb8f58ca",
      "type": "string"
    },
    "windows_instance_private_ip": {
      "value": "172.16.7.47",
      "type": "string"
    },
    "windows_instance_public_ip": {
      "value": "3.150.29.49",
      "type": "string"
    }
  },
  "resources": [
    {
      "mode": "data",
      "type": "http",
      "name": "my_ip",
      "provider": "provider[\"registry.terraform.io/hashicorp/http\"]",
      "instances": [
        {
          "schema_version": 0,
          "attributes": {
            "body": "24.155.64.208\n",
            "ca_cert_pem": null,
            "client_cert_pem": null,
            "client_key_pem": null,
            "id": "https://checkip.amazonaws.com",
            "insecure": null,
            "method": null,
            "request_body": null,
            "request_headers": null,
            "request_timeout_ms": null,
            "response_body": "24.155.64.208\n",
            "response_body_base64": "MjQuMTU1LjY0LjIwOAo=",
            "response_headers": {
              "Content-Length": "14",
              "Content-Type": "text/plain;charset=UTF-8",
              "Date": "Tue, 02 Sep 2025 21:28:02 GMT",
              "Server": "nginx",
              "Vary": "Origin, Access-Control-Request-Method, Access-Control-Request-Headers"
            },
            "retry": null,
            "status_code": 200,
            "url": "https://checkip.amazonaws.com"
          },
          "sensitive_attributes": [],
          "identity_schema_version": 0
        }
      ]
    },
    {
      "mode": "data",
      "type": "template_file",
      "name": "Pavan_rdp",
      "provider": "provider[\"registry.terraform.io/hashicorp/template\"]",
      "instances": [
        {
          "schema_version": 0,
          "attributes": {
            "filename": null,
            "id": "a4abe6eef277dcbed4b36e1415a49ce3b596f7e51d1dd057985c187b73744cc7",
            "rendered": "auto connect:i:1\r\nfull address:s:3.150.29.49\r\nusername:s:Administrator\r\naudiomode:i:2\r\naudiocapturemode:i:1\r\n",
            "template": "auto connect:i:1\r\nfull address:s:3.150.29.49\r\nusername:s:Administrator\r\naudiomode:i:2\r\naudiocapturemode:i:1\r\n",
            "vars": null
          },
          "sensitive_attributes": [],
          "identity_schema_version": 0
        }
      ]
    },
    {
      "mode": "managed",
      "type": "aws_default_route_table",
      "name": "private_rt",
      "provider": "provider[\"registry.terraform.io/hashicorp/aws\"]",
      "instances": [
        {
          "schema_version": 0,
          "attributes": {
            "arn": "arn:aws:ec2:us-east-2:717694551492:route-table/rtb-0db2cdb22e4bb46bb",
            "default_route_table_id": "rtb-0db2cdb22e4bb46bb",
            "id": "rtb-0db2cdb22e4bb46bb",
            "owner_id": "717694551492",
            "propagating_vgws": [],
            "region": "us-east-2",
            "route": [
              {
                "cidr_block": "0.0.0.0/0",
                "core_network_arn": "",
                "destination_prefix_list_id": "",
                "egress_only_gateway_id": "",
                "gateway_id": "",
                "instance_id": "",
                "ipv6_cidr_block": "",
                "nat_gateway_id": "nat-0b68815c2ef4707eb",
                "network_interface_id": "",
                "transit_gateway_id": "",
                "vpc_endpoint_id": "",
                "vpc_peering_connection_id": ""
              }
            ],
            "tags": {
              "Name": "private-only-famous-bunny"
            },
            "tags_all": {
              "Name": "private-only-famous-bunny"
            },
            "timeouts": null,
            "vpc_id": "vpc-0287668c12a6f0b5f"
          },
          "sensitive_attributes": [],
          "identity_schema_version": 0,
          "private": "eyJlMmJmYjczMC1lY2FhLTExZTYtOGY4OC0zNDM2M2JjN2M0YzAiOnsiY3JlYXRlIjoxMjAwMDAwMDAwMDAsInVwZGF0ZSI6MTIwMDAwMDAwMDAwfX0=",
          "dependencies": [
            "aws_eip.nat_eip",
            "aws_nat_gateway.nat_gw",
            "aws_subnet.public_subnet",
            "aws_vpc.vpc-01",
            "random_pet.pavan_pet"
          ]
        }
      ]
    },
    {
      "mode": "managed",
      "type": "aws_ec2_network_insights_analysis",
      "name": "home_to_ec2_analysis",
      "provider": "provider[\"registry.terraform.io/hashicorp/aws\"]",
      "instances": [
        {
          "schema_version": 0,
          "attributes": {
            "alternate_path_hints": [],
            "arn": "arn:aws:ec2:us-east-2:717694551492:network-insights-analysis/nia-0669357d30e71de91",
            "explanations": [],
            "filter_in_arns": null,
            "forward_path_components": [
              {
                "acl_rule": [],
                "additional_details": [],
                "attached_to": [],
                "component": [
                  {
                    "arn": "arn:aws:ec2:us-east-2:717694551492:internet-gateway/igw-01305ac294735ddc1",
                    "id": "igw-01305ac294735ddc1",
                    "name": "IGW-only-famous-bunny"
                  }
                ],
                "destination_vpc": [],
                "inbound_header": [
                  {
                    "destination_addresses": [
                      "3.150.29.49/32"
                    ],
                    "destination_port_ranges": [
                      {
                        "from": 80,
                        "to": 80
                      }
                    ],
                    "protocol": "6",
                    "source_addresses": [
                      "24.155.64.208/32"
                    ],
                    "source_port_ranges": [
                      {
                        "from": 0,
                        "to": 65535
                      }
                    ]
                  }
                ],
                "outbound_header": [
                  {
                    "destination_addresses": [
                      "172.16.7.47/32"
                    ],
                    "destination_port_ranges": [],
                    "protocol": "",
                    "source_addresses": [],
                    "source_port_ranges": []
                  }
                ],
                "route_table_route": [],
                "security_group_rule": [],
                "sequence_number": 1,
                "source_vpc": [],
                "subnet": [],
                "transit_gateway": [],
                "transit_gateway_route_table_route": [],
                "vpc": [
                  {
                    "arn": "arn:aws:ec2:us-east-2:717694551492:vpc/vpc-0287668c12a6f0b5f",
                    "id": "vpc-0287668c12a6f0b5f",
                    "name": "only-famous-bunny"
                  }
                ]
              },
              {
                "acl_rule": [
                  {
                    "cidr": "0.0.0.0/0",
                    "egress": false,
                    "port_range": [
                      {
                        "from": 80,
                        "to": 80
                      }
                    ],
                    "protocol": "tcp",
                    "rule_action": "allow",
                    "rule_number": 100
                  }
                ],
                "additional_details": [],
                "attached_to": [],
                "component": [
                  {
                    "arn": "arn:aws:ec2:us-east-2:717694551492:network-acl/acl-06a3616275866373e",
                    "id": "acl-06a3616275866373e",
                    "name": "NACL-only-famous-bunny"
                  }
                ],
                "destination_vpc": [],
                "inbound_header": [],
                "outbound_header": [],
                "route_table_route": [],
                "security_group_rule": [],
                "sequence_number": 2,
                "source_vpc": [],
                "subnet": [],
                "transit_gateway": [],
                "transit_gateway_route_table_route": [],
                "vpc": []
              },
              {
                "acl_rule": [],
                "additional_details": [],
                "attached_to": [],
                "component": [
                  {
                    "arn": "arn:aws:ec2:us-east-2:717694551492:security-group/sg-0010115878848f112",
                    "id": "sg-0010115878848f112",
                    "name": "windows-only-famous-bunny-sg"
                  }
                ],
                "destination_vpc": [],
                "inbound_header": [],
                "outbound_header": [],
                "route_table_route": [],
                "security_group_rule": [
                  {
                    "cidr": "0.0.0.0/0",
                    "direction": "",
                    "port_range": [
                      {
                        "from": 80,
                        "to": 80
                      }
                    ],
                    "prefix_list_id": "",
                    "protocol": "tcp",
                    "security_group_id": ""
                  }
                ],
                "sequence_number": 3,
                "source_vpc": [],
                "subnet": [],
                "transit_gateway": [],
                "transit_gateway_route_table_route": [],
                "vpc": []
              },
              {
                "acl_rule": [],
                "additional_details": [],
                "attached_to": [],
                "component": [
                  {
                    "arn": "arn:aws:ec2:us-east-2:717694551492:network-interface/eni-06ae46aae3fc306e8",
                    "id": "eni-06ae46aae3fc306e8",
                    "name": ""
                  }
                ],
                "destination_vpc": [],
                "inbound_header": [],
                "outbound_header": [],
                "route_table_route": [],
                "security_group_rule": [],
                "sequence_number": 4,
                "source_vpc": [],
                "subnet": [
                  {
                    "arn": "arn:aws:ec2:us-east-2:717694551492:subnet/subnet-0af4879926202c2ce",
                    "id": "subnet-0af4879926202c2ce",
                    "name": "public-only-famous-bunny"
                  }
                ],
                "transit_gateway": [],
                "transit_gateway_route_table_route": [],
                "vpc": [
                  {
                    "arn": "arn:aws:ec2:us-east-2:717694551492:vpc/vpc-0287668c12a6f0b5f",
                    "id": "vpc-0287668c12a6f0b5f",
                    "name": "only-famous-bunny"
                  }
                ]
              },
              {
                "acl_rule": [],
                "additional_details": [],
                "attached_to": [],
                "component": [
                  {
                    "arn": "arn:aws:ec2:us-east-2:717694551492:instance/i-0a0cf195ffb8f58ca",
                    "id": "i-0a0cf195ffb8f58ca",
                    "name": "only-famous-bunny"
                  }
                ],
                "destination_vpc": [],
                "inbound_header": [
                  {
                    "destination_addresses": [
                      "172.16.7.47/32"
                    ],
                    "destination_port_ranges": [
                      {
                        "from": 80,
                        "to": 80
                      }
                    ],
                    "protocol": "6",
                    "source_addresses": [
                      "24.155.64.208/32"
                    ],
                    "source_port_ranges": [
                      {
                        "from": 0,
                        "to": 65535
                      }
                    ]
                  }
                ],
                "outbound_header": [],
                "route_table_route": [],
                "security_group_rule": [],
                "sequence_number": 5,
                "source_vpc": [],
                "subnet": [],
                "transit_gateway": [],
                "transit_gateway_route_table_route": [],
                "vpc": []
              }
            ],
            "id": "nia-0669357d30e71de91",
            "network_insights_path_id": "nip-0f09646ac2264f096",
            "path_found": true,
            "region": "us-east-2",
            "return_path_components": [
              {
                "acl_rule": [],
                "additional_details": [],
                "attached_to": [],
                "component": [
                  {
                    "arn": "arn:aws:ec2:us-east-2:717694551492:instance/i-0a0cf195ffb8f58ca",
                    "id": "i-0a0cf195ffb8f58ca",
                    "name": "only-famous-bunny"
                  }
                ],
                "destination_vpc": [],
                "inbound_header": [],
                "outbound_header": [
                  {
                    "destination_addresses": [
                      "24.155.64.208/32"
                    ],
                    "destination_port_ranges": [
                      {
                        "from": 0,
                        "to": 65535
                      }
                    ],
                    "protocol": "6",
                    "source_addresses": [
                      "172.16.7.47/32"
                    ],
                    "source_port_ranges": [
                      {
                        "from": 80,
                        "to": 80
                      }
                    ]
                  }
                ],
                "route_table_route": [],
                "security_group_rule": [],
                "sequence_number": 1,
                "source_vpc": [],
                "subnet": [],
                "transit_gateway": [],
                "transit_gateway_route_table_route": [],
                "vpc": []
              },
              {
                "acl_rule": [],
                "additional_details": [],
                "attached_to": [],
                "component": [
                  {
                    "arn": "arn:aws:ec2:us-east-2:717694551492:network-interface/eni-06ae46aae3fc306e8",
                    "id": "eni-06ae46aae3fc306e8",
                    "name": ""
                  }
                ],
                "destination_vpc": [],
                "inbound_header": [],
                "outbound_header": [],
                "route_table_route": [],
                "security_group_rule": [],
                "sequence_number": 2,
                "source_vpc": [],
                "subnet": [
                  {
                    "arn": "arn:aws:ec2:us-east-2:717694551492:subnet/subnet-0af4879926202c2ce",
                    "id": "subnet-0af4879926202c2ce",
                    "name": "public-only-famous-bunny"
                  }
                ],
                "transit_gateway": [],
                "transit_gateway_route_table_route": [],
                "vpc": [
                  {
                    "arn": "arn:aws:ec2:us-east-2:717694551492:vpc/vpc-0287668c12a6f0b5f",
                    "id": "vpc-0287668c12a6f0b5f",
                    "name": "only-famous-bunny"
                  }
                ]
              },
              {
                "acl_rule": [],
                "additional_details": [],
                "attached_to": [],
                "component": [
                  {
                    "arn": "arn:aws:ec2:us-east-2:717694551492:security-group/sg-0010115878848f112",
                    "id": "sg-0010115878848f112",
                    "name": "windows-only-famous-bunny-sg"
                  }
                ],
                "destination_vpc": [],
                "inbound_header": [],
                "outbound_header": [],
                "route_table_route": [],
                "security_group_rule": [],
                "sequence_number": 3,
                "source_vpc": [],
                "subnet": [],
                "transit_gateway": [],
                "transit_gateway_route_table_route": [],
                "vpc": []
              },
              {
                "acl_rule": [
                  {
                    "cidr": "0.0.0.0/0",
                    "egress": true,
                    "port_range": [],
                    "protocol": "all",
                    "rule_action": "allow",
                    "rule_number": 500
                  }
                ],
                "additional_details": [],
                "attached_to": [],
                "component": [
                  {
                    "arn": "arn:aws:ec2:us-east-2:717694551492:network-acl/acl-06a3616275866373e",
                    "id": "acl-06a3616275866373e",
                    "name": "NACL-only-famous-bunny"
                  }
                ],
                "destination_vpc": [],
                "inbound_header": [],
                "outbound_header": [],
                "route_table_route": [],
                "security_group_rule": [],
                "sequence_number": 4,
                "source_vpc": [],
                "subnet": [],
                "transit_gateway": [],
                "transit_gateway_route_table_route": [],
                "vpc": []
              },
              {
                "acl_rule": [],
                "additional_details": [],
                "attached_to": [],
                "component": [
                  {
                    "arn": "arn:aws:ec2:us-east-2:717694551492:route-table/rtb-002fa6ba67fab1360",
                    "id": "rtb-002fa6ba67fab1360",
                    "name": "public-only-famous-bunny"
                  }
                ],
                "destination_vpc": [],
                "inbound_header": [],
                "outbound_header": [],
                "route_table_route": [
                  {
                    "destination_cidr": "0.0.0.0/0",
                    "destination_prefix_list_id": "",
                    "egress_only_internet_gateway_id": "",
                    "gateway_id": "igw-01305ac294735ddc1",
                    "instance_id": "",
                    "nat_gateway_id": "",
                    "network_interface_id": "",
                    "origin": "createroute",
                    "transit_gateway_id": "",
                    "vpc_peering_connection_id": ""
                  }
                ],
                "security_group_rule": [],
                "sequence_number": 5,
                "source_vpc": [],
                "subnet": [],
                "transit_gateway": [],
                "transit_gateway_route_table_route": [],
                "vpc": []
              },
              {
                "acl_rule": [],
                "additional_details": [],
                "attached_to": [],
                "component": [
                  {
                    "arn": "arn:aws:ec2:us-east-2:717694551492:internet-gateway/igw-01305ac294735ddc1",
                    "id": "igw-01305ac294735ddc1",
                    "name": "IGW-only-famous-bunny"
                  }
                ],
                "destination_vpc": [],
                "inbound_header": [],
                "outbound_header": [
                  {
                    "destination_addresses": [
                      "24.155.64.208/32"
                    ],
                    "destination_port_ranges": [
                      {
                        "from": 0,
                        "to": 65535
                      }
                    ],
                    "protocol": "6",
                    "source_addresses": [
                      "3.150.29.49/32"
                    ],
                    "source_port_ranges": [
                      {
                        "from": 80,
                        "to": 80
                      }
                    ]
                  }
                ],
                "route_table_route": [],
                "security_group_rule": [],
                "sequence_number": 6,
                "source_vpc": [],
                "subnet": [],
                "transit_gateway": [],
                "transit_gateway_route_table_route": [],
                "vpc": [
                  {
                    "arn": "arn:aws:ec2:us-east-2:717694551492:vpc/vpc-0287668c12a6f0b5f",
                    "id": "vpc-0287668c12a6f0b5f",
                    "name": "only-famous-bunny"
                  }
                ]
              }
            ],
            "start_date": "2025-09-02T21:28:13Z",
            "status": "succeeded",
            "status_message": "",
            "tags": null,
            "tags_all": {},
            "wait_for_completion": true,
            "warning_message": "The analysis succeeded but it was unable to analyze all components. Reason: The request was missing the following optional permissions: [software.amazon.awssdk.services.networkfirewall.model.NetworkFirewallException, com.amazonaws.services.directconnect.model.AmazonDirectConnectException]"
          },
          "sensitive_attributes": [],
          "identity_schema_version": 0,
          "private": "bnVsbA==",
          "dependencies": [
            "aws_ec2_network_insights_path.home_to_ec2",
            "aws_instance.Windows",
            "aws_internet_gateway.igw",
            "aws_key_pair.pavan_key",
            "aws_security_group.windows_sg",
            "aws_subnet.public_subnet",
            "aws_vpc.vpc-01",
            "data.http.my_ip",
            "random_pet.pavan_pet",
            "tls_private_key.pavan_private_key"
          ]
        }
      ]
    },
    {
      "mode": "managed",
      "type": "aws_ec2_network_insights_path",
      "name": "home_to_ec2",
      "provider": "provider[\"registry.terraform.io/hashicorp/aws\"]",
      "instances": [
        {
          "schema_version": 0,
          "attributes": {
            "arn": "arn:aws:ec2:us-east-2:717694551492:network-insights-path/nip-0f09646ac2264f096",
            "destination": "i-0a0cf195ffb8f58ca",
            "destination_arn": "arn:aws:ec2:us-east-2:717694551492:instance/i-0a0cf195ffb8f58ca",
            "destination_ip": "",
            "destination_port": 80,
            "filter_at_destination": null,
            "filter_at_source": [
              {
                "destination_address": "",
                "destination_port_range": [
                  {
                    "from_port": 80,
                    "to_port": 80
                  }
                ],
                "source_address": "24.155.64.208",
                "source_port_range": []
              }
            ],
            "id": "nip-0f09646ac2264f096",
            "protocol": "tcp",
            "region": "us-east-2",
            "source": "igw-01305ac294735ddc1",
            "source_arn": "arn:aws:ec2:us-east-2:717694551492:internet-gateway/igw-01305ac294735ddc1",
            "source_ip": "24.155.64.208",
            "tags": {
              "name": "home_to ec2only-famous-bunny"
            },
            "tags_all": {
              "name": "home_to ec2only-famous-bunny"
            }
          },
          "sensitive_attributes": [],
          "identity_schema_version": 0,
          "private": "bnVsbA==",
          "dependencies": [
            "aws_instance.Windows",
            "aws_internet_gateway.igw",
            "aws_key_pair.pavan_key",
            "aws_security_group.windows_sg",
            "aws_subnet.public_subnet",
            "aws_vpc.vpc-01",
            "data.http.my_ip",
            "random_pet.pavan_pet",
            "tls_private_key.pavan_private_key"
          ]
        }
      ]
    },
    {
      "mode": "managed",
      "type": "aws_eip",
      "name": "nat_eip",
      "provider": "provider[\"registry.terraform.io/hashicorp/aws\"]",
      "instances": [
        {
          "schema_version": 0,
          "attributes": {
            "address": null,
            "allocation_id": "eipalloc-0a223c40a8b3fdf08",
            "arn": "arn:aws:ec2:us-east-2:717694551492:elastic-ip/eipalloc-0a223c40a8b3fdf08",
            "associate_with_private_ip": null,
            "association_id": "eipassoc-02fc66f1a0cd553cf",
            "carrier_ip": "",
            "customer_owned_ip": "",
            "customer_owned_ipv4_pool": "",
            "domain": "vpc",
            "id": "eipalloc-0a223c40a8b3fdf08",
            "instance": "",
            "ipam_pool_id": null,
            "network_border_group": "us-east-2",
            "network_interface": "eni-0978930abafc5bbbd",
            "private_dns": "ip-172-16-3-224.us-east-2.compute.internal",
            "private_ip": "172.16.3.224",
            "ptr_record": "",
            "public_dns": "ec2-3-148-91-137.us-east-2.compute.amazonaws.com",
            "public_ip": "3.148.91.137",
            "public_ipv4_pool": "amazon",
            "region": "us-east-2",
            "tags": {
              "Name": "only-famous-bunny-NAT"
            },
            "tags_all": {
              "Name": "only-famous-bunny-NAT"
            },
            "timeouts": null
          },
          "sensitive_attributes": [],
          "identity_schema_version": 0,
          "private": "eyJlMmJmYjczMC1lY2FhLTExZTYtOGY4OC0zNDM2M2JjN2M0YzAiOnsiZGVsZXRlIjoxODAwMDAwMDAwMDAsInJlYWQiOjkwMDAwMDAwMDAwMCwidXBkYXRlIjozMDAwMDAwMDAwMDB9fQ==",
          "dependencies": [
            "random_pet.pavan_pet"
          ]
        }
      ]
    },
    {
      "mode": "managed",
      "type": "aws_eip",
      "name": "windows-eip",
      "provider": "provider[\"registry.terraform.io/hashicorp/aws\"]",
      "instances": [
        {
          "schema_version": 0,
          "attributes": {
            "address": null,
            "allocation_id": "eipalloc-06ca8c68b88521a37",
            "arn": "arn:aws:ec2:us-east-2:717694551492:elastic-ip/eipalloc-06ca8c68b88521a37",
            "associate_with_private_ip": null,
            "association_id": "eipassoc-04e3db41a8709581e",
            "carrier_ip": "",
            "customer_owned_ip": "",
            "customer_owned_ipv4_pool": "",
            "domain": "vpc",
            "id": "eipalloc-06ca8c68b88521a37",
            "instance": "i-0a0cf195ffb8f58ca",
            "ipam_pool_id": null,
            "network_border_group": "us-east-2",
            "network_interface": "eni-06ae46aae3fc306e8",
            "private_dns": "ip-172-16-7-47.us-east-2.compute.internal",
            "private_ip": "172.16.7.47",
            "ptr_record": "",
            "public_dns": "ec2-3-150-29-49.us-east-2.compute.amazonaws.com",
            "public_ip": "3.150.29.49",
            "public_ipv4_pool": "amazon",
            "region": "us-east-2",
            "tags": {
              "Name": "only-famous-bunny-Windows-EIP"
            },
            "tags_all": {
              "Name": "only-famous-bunny-Windows-EIP"
            },
            "timeouts": null
          },
          "sensitive_attributes": [],
          "identity_schema_version": 0,
          "private": "eyJlMmJmYjczMC1lY2FhLTExZTYtOGY4OC0zNDM2M2JjN2M0YzAiOnsiZGVsZXRlIjoxODAwMDAwMDAwMDAsInJlYWQiOjkwMDAwMDAwMDAwMCwidXBkYXRlIjozMDAwMDAwMDAwMDB9fQ==",
          "dependencies": [
            "random_pet.pavan_pet"
          ]
        }
      ]
    },
    {
      "mode": "managed",
      "type": "aws_eip_association",
      "name": "Windows_eip_assoc",
      "provider": "provider[\"registry.terraform.io/hashicorp/aws\"]",
      "instances": [
        {
          "schema_version": 0,
          "attributes": {
            "allocation_id": "eipalloc-06ca8c68b88521a37",
            "allow_reassociation": null,
            "id": "eipassoc-04e3db41a8709581e",
            "instance_id": "i-0a0cf195ffb8f58ca",
            "network_interface_id": "eni-06ae46aae3fc306e8",
            "private_ip_address": "172.16.7.47",
            "public_ip": "3.150.29.49",
            "region": "us-east-2"
          },
          "sensitive_attributes": [],
          "identity_schema_version": 0,
          "private": "bnVsbA==",
          "dependencies": [
            "aws_eip.windows-eip",
            "aws_instance.Windows",
            "aws_key_pair.pavan_key",
            "aws_security_group.windows_sg",
            "aws_subnet.public_subnet",
            "aws_vpc.vpc-01",
            "data.http.my_ip",
            "random_pet.pavan_pet",
            "tls_private_key.pavan_private_key"
          ]
        }
      ]
    },
    {
      "mode": "managed",
      "type": "aws_instance",
      "name": "Windows",
      "provider": "provider[\"registry.terraform.io/hashicorp/aws\"]",
      "instances": [
        {
          "schema_version": 2,
          "attributes": {
            "ami": "ami-05b00365623a86bd3",
            "arn": "arn:aws:ec2:us-east-2:717694551492:instance/i-0a0cf195ffb8f58ca",
            "associate_public_ip_address": true,
            "availability_zone": "us-east-2a",
            "capacity_reservation_specification": [
              {
                "capacity_reservation_preference": "open",
                "capacity_reservation_target": []
              }
            ],
            "cpu_options": [
              {
                "amd_sev_snp": "",
                "core_count": 1,
                "threads_per_core": 2
              }
            ],
            "credit_specification": [
              {
                "cpu_credits": "unlimited"
              }
            ],
            "disable_api_stop": false,
            "disable_api_termination": false,
            "ebs_block_device": [
              {
                "delete_on_termination": true,
                "device_name": "/dev/sda1",
                "encrypted": false,
                "iops": 3000,
                "kms_key_id": "",
                "snapshot_id": "",
                "tags": {},
                "tags_all": {},
                "throughput": 125,
                "volume_id": "vol-039dc46505ddd2e25",
                "volume_size": 30,
                "volume_type": "gp3"
              }
            ],
            "ebs_optimized": false,
            "enable_primary_ipv6": null,
            "enclave_options": [
              {
                "enabled": false
              }
            ],
            "ephemeral_block_device": [],
            "force_destroy": false,
            "get_password_data": true,
            "hibernation": false,
            "host_id": "",
            "host_resource_group_arn": null,
            "iam_instance_profile": "",
            "id": "i-0a0cf195ffb8f58ca",
            "instance_initiated_shutdown_behavior": "stop",
            "instance_lifecycle": "",
            "instance_market_options": [],
            "instance_state": "running",
            "instance_type": "t3.micro",
            "ipv6_address_count": 0,
            "ipv6_addresses": [],
            "key_name": "windows-only-famous-bunny_windows",
            "launch_template": [],
            "maintenance_options": [
              {
                "auto_recovery": "default"
              }
            ],
            "metadata_options": [
              {
                "http_endpoint": "enabled",
                "http_protocol_ipv6": "disabled",
                "http_put_response_hop_limit": 2,
                "http_tokens": "required",
                "instance_metadata_tags": "disabled"
              }
            ],
            "monitoring": false,
            "network_interface": [],
            "outpost_arn": "",
            "password_data": "DqfOiwZxGzsD4PoJkHkDqov0KoQfQyfc3rfe6zP6V3DE9XTaWftfscv8jnNiSB7wN7nzO+1e07k54jHUvba/i/HkNxqG3ZQ59DBMZ0o+aChPl+h4rTcTQX+ypjd+nwkC5ddLLMbTQaQoIy2vMzufzfHIVatZ2kzxNOWxc1Qb0gmoRLNQ3nqbVE+eYGhtLvFCRCfRIcHsEnsMHlGRFJR95oQRkYrfvob2/UKRnoxgXLaflwz9PIYxbe8yh3b/oXUZQocDpNC6szxHsywQhXk/3FTbZpeVhEH5Qp+bPPUpeYSQq/3jI7TaWTYb36KnuZiFCjwnGv48NLJApl71HgQfWg==",
            "placement_group": "",
            "placement_partition_number": 0,
            "primary_network_interface": [
              {
                "delete_on_termination": true,
                "network_interface_id": "eni-06ae46aae3fc306e8"
              }
            ],
            "primary_network_interface_id": "eni-06ae46aae3fc306e8",
            "private_dns": "ip-172-16-7-47.us-east-2.compute.internal",
            "private_dns_name_options": [
              {
                "enable_resource_name_dns_a_record": false,
                "enable_resource_name_dns_aaaa_record": false,
                "hostname_type": "ip-name"
              }
            ],
            "private_ip": "172.16.7.47",
            "public_dns": "ec2-3-150-29-49.us-east-2.compute.amazonaws.com",
            "public_ip": "3.150.29.49",
            "region": "us-east-2",
            "root_block_device": [
              {
                "delete_on_termination": true,
                "device_name": "/dev/sda1",
                "encrypted": false,
                "iops": 3000,
                "kms_key_id": "",
                "tags": {},
                "tags_all": {},
                "throughput": 125,
                "volume_id": "vol-039dc46505ddd2e25",
                "volume_size": 30,
                "volume_type": "gp3"
              }
            ],
            "secondary_private_ips": [],
            "security_groups": [],
            "source_dest_check": true,
            "spot_instance_request_id": "",
            "subnet_id": "subnet-0af4879926202c2ce",
            "tags": {
              "Name": "only-famous-bunny"
            },
            "tags_all": {
              "Name": "only-famous-bunny"
            },
            "tenancy": "default",
            "timeouts": null,
            "user_data": null,
            "user_data_base64": null,
            "user_data_replace_on_change": false,
            "volume_tags": null,
            "vpc_security_group_ids": [
              "sg-0010115878848f112"
            ]
          },
          "sensitive_attributes": [],
          "identity_schema_version": 0,
          "private": "eyJlMmJmYjczMC1lY2FhLTExZTYtOGY4OC0zNDM2M2JjN2M0YzAiOnsiY3JlYXRlIjo2MDAwMDAwMDAwMDAsImRlbGV0ZSI6MTIwMDAwMDAwMDAwMCwicmVhZCI6OTAwMDAwMDAwMDAwLCJ1cGRhdGUiOjYwMDAwMDAwMDAwMH0sInNjaGVtYV92ZXJzaW9uIjoiMiJ9",
          "dependencies": [
            "aws_key_pair.pavan_key",
            "aws_security_group.windows_sg",
            "aws_subnet.public_subnet",
            "aws_vpc.vpc-01",
            "data.http.my_ip",
            "random_pet.pavan_pet",
            "tls_private_key.pavan_private_key"
          ]
        }
      ]
    },
    {
      "mode": "managed",
      "type": "aws_instance",
      "name": "linux",
      "provider": "provider[\"registry.terraform.io/hashicorp/aws\"]",
      "instances": [
        {
          "schema_version": 2,
          "attributes": {
            "ami": "ami-0bb7d855677353076",
            "arn": "arn:aws:ec2:us-east-2:717694551492:instance/i-0b6cfcc426fada59b",
            "associate_public_ip_address": false,
            "availability_zone": "us-east-2b",
            "capacity_reservation_specification": [
              {
                "capacity_reservation_preference": "open",
                "capacity_reservation_target": []
              }
            ],
            "cpu_options": [
              {
                "amd_sev_snp": "",
                "core_count": 1,
                "threads_per_core": 2
              }
            ],
            "credit_specification": [
              {
                "cpu_credits": "unlimited"
              }
            ],
            "disable_api_stop": false,
            "disable_api_termination": false,
            "ebs_block_device": [
              {
                "delete_on_termination": true,
                "device_name": "/dev/xvda",
                "encrypted": false,
                "iops": 3000,
                "kms_key_id": "",
                "snapshot_id": "",
                "tags": {},
                "tags_all": {},
                "throughput": 125,
                "volume_id": "vol-08eee189c7c44ad3e",
                "volume_size": 30,
                "volume_type": "gp3"
              }
            ],
            "ebs_optimized": false,
            "enable_primary_ipv6": null,
            "enclave_options": [
              {
                "enabled": false
              }
            ],
            "ephemeral_block_device": [],
            "force_destroy": false,
            "get_password_data": false,
            "hibernation": false,
            "host_id": "",
            "host_resource_group_arn": null,
            "iam_instance_profile": "",
            "id": "i-0b6cfcc426fada59b",
            "instance_initiated_shutdown_behavior": "stop",
            "instance_lifecycle": "",
            "instance_market_options": [],
            "instance_state": "stopped",
            "instance_type": "t3.micro",
            "ipv6_address_count": 0,
            "ipv6_addresses": [],
            "key_name": "windows-only-famous-bunny_windows",
            "launch_template": [],
            "maintenance_options": [
              {
                "auto_recovery": "default"
              }
            ],
            "metadata_options": [
              {
                "http_endpoint": "enabled",
                "http_protocol_ipv6": "disabled",
                "http_put_response_hop_limit": 1,
                "http_tokens": "optional",
                "instance_metadata_tags": "disabled"
              }
            ],
            "monitoring": false,
            "network_interface": [],
            "outpost_arn": "",
            "password_data": "",
            "placement_group": "",
            "placement_partition_number": 0,
            "primary_network_interface": [
              {
                "delete_on_termination": true,
                "network_interface_id": "eni-0cca319ebeb2664a7"
              }
            ],
            "primary_network_interface_id": "eni-0cca319ebeb2664a7",
            "private_dns": "ip-172-16-8-88.us-east-2.compute.internal",
            "private_dns_name_options": [
              {
                "enable_resource_name_dns_a_record": false,
                "enable_resource_name_dns_aaaa_record": false,
                "hostname_type": "ip-name"
              }
            ],
            "private_ip": "172.16.8.88",
            "public_dns": "",
            "public_ip": "",
            "region": "us-east-2",
            "root_block_device": [
              {
                "delete_on_termination": true,
                "device_name": "/dev/xvda",
                "encrypted": false,
                "iops": 3000,
                "kms_key_id": "",
                "tags": {},
                "tags_all": {},
                "throughput": 125,
                "volume_id": "vol-08eee189c7c44ad3e",
                "volume_size": 30,
                "volume_type": "gp3"
              }
            ],
            "secondary_private_ips": [],
            "security_groups": [],
            "source_dest_check": true,
            "spot_instance_request_id": "",
            "subnet_id": "subnet-081c0533e37353cb4",
            "tags": {
              "Name": "only-famous-bunny-linux"
            },
            "tags_all": {
              "Name": "only-famous-bunny-linux"
            },
            "tenancy": "default",
            "timeouts": null,
            "user_data": null,
            "user_data_base64": null,
            "user_data_replace_on_change": false,
            "volume_tags": null,
            "vpc_security_group_ids": [
              "sg-09039881f7f75b31b"
            ]
          },
          "sensitive_attributes": [],
          "identity_schema_version": 0,
          "private": "eyJlMmJmYjczMC1lY2FhLTExZTYtOGY4OC0zNDM2M2JjN2M0YzAiOnsiY3JlYXRlIjo2MDAwMDAwMDAwMDAsImRlbGV0ZSI6MTIwMDAwMDAwMDAwMCwicmVhZCI6OTAwMDAwMDAwMDAwLCJ1cGRhdGUiOjYwMDAwMDAwMDAwMH0sInNjaGVtYV92ZXJzaW9uIjoiMiJ9",
          "dependencies": [
            "aws_instance.Windows",
            "aws_key_pair.pavan_key",
            "aws_security_group.Linux_SG",
            "aws_security_group.windows_sg",
            "aws_subnet.private_subnet",
            "aws_subnet.public_subnet",
            "aws_vpc.vpc-01",
            "data.http.my_ip",
            "random_pet.pavan_pet",
            "tls_private_key.pavan_private_key"
          ]
        }
      ]
    },
    {
      "mode": "managed",
      "type": "aws_internet_gateway",
      "name": "igw",
      "provider": "provider[\"registry.terraform.io/hashicorp/aws\"]",
      "instances": [
        {
          "schema_version": 0,
          "attributes": {
            "arn": "arn:aws:ec2:us-east-2:717694551492:internet-gateway/igw-01305ac294735ddc1",
            "id": "igw-01305ac294735ddc1",
            "owner_id": "717694551492",
            "region": "us-east-2",
            "tags": {
              "Name": "IGW-only-famous-bunny"
            },
            "tags_all": {
              "Name": "IGW-only-famous-bunny"
            },
            "timeouts": null,
            "vpc_id": "vpc-0287668c12a6f0b5f"
          },
          "sensitive_attributes": [],
          "identity_schema_version": 0,
          "private": "eyJlMmJmYjczMC1lY2FhLTExZTYtOGY4OC0zNDM2M2JjN2M0YzAiOnsiY3JlYXRlIjoxMjAwMDAwMDAwMDAwLCJkZWxldGUiOjEyMDAwMDAwMDAwMDAsInVwZGF0ZSI6MTIwMDAwMDAwMDAwMH19",
          "dependencies": [
            "aws_vpc.vpc-01",
            "random_pet.pavan_pet"
          ]
        }
      ]
    },
    {
      "mode": "managed",
      "type": "aws_key_pair",
      "name": "pavan_key",
      "provider": "provider[\"registry.terraform.io/hashicorp/aws\"]",
      "instances": [
        {
          "schema_version": 1,
          "attributes": {
            "arn": "arn:aws:ec2:us-east-2:717694551492:key-pair/windows-only-famous-bunny_windows",
            "fingerprint": "73:b6:52:82:44:69:80:0e:4e:74:d8:a1:0c:4e:79:2a",
            "id": "windows-only-famous-bunny_windows",
            "key_name": "windows-only-famous-bunny_windows",
            "key_name_prefix": "",
            "key_pair_id": "key-02b16235ebac1f111",
            "key_type": "rsa",
            "public_key": "ssh-rsa AAAAB3NzaC1yc2EAAAADAQABAAABAQCvoEK1Z6wHYgtGDn5zqEL5YzLoGnAmmosd9c9MrbVzGWod+Ml0AMY3wuWD/D1SdsrPbVr83TIt3YNGFkXnFfckAHHqsRL3Vs5k48XjaQL7w3dv6kYA/fNxDaPjdkBQaA6/7Jrcsfa95PBO8Y3Q4msB9dwm1F1+fiqwWOU5Uq5xsDvDKKcs6VtyTC79NQtd1idcJQE6danNRz18/O03uDKqfHxXoIYbUOcx5/18+BheqS9c+C6fP1x8L1SWZ40wp+ozzRnQsHFGYOeJl9Lb6cb9biuVcqCHsmm3HF490ChDcC5dikHcww2+dBVYocsDOeqVW6TYlAjUswgFpb6tqjE7",
            "region": "us-east-2",
            "tags": {},
            "tags_all": {}
          },
          "sensitive_attributes": [],
          "identity_schema_version": 0,
          "private": "eyJzY2hlbWFfdmVyc2lvbiI6IjEifQ==",
          "dependencies": [
            "random_pet.pavan_pet",
            "tls_private_key.pavan_private_key"
          ]
        }
      ]
    },
    {
      "mode": "managed",
      "type": "aws_nat_gateway",
      "name": "nat_gw",
      "provider": "provider[\"registry.terraform.io/hashicorp/aws\"]",
      "instances": [
        {
          "schema_version": 0,
          "attributes": {
            "allocation_id": "eipalloc-0a223c40a8b3fdf08",
            "association_id": "eipassoc-02fc66f1a0cd553cf",
            "connectivity_type": "public",
            "id": "nat-0b68815c2ef4707eb",
            "network_interface_id": "eni-0978930abafc5bbbd",
            "private_ip": "172.16.3.224",
            "public_ip": "3.148.91.137",
            "region": "us-east-2",
            "secondary_allocation_ids": [],
            "secondary_private_ip_address_count": 0,
            "secondary_private_ip_addresses": [],
            "subnet_id": "subnet-0af4879926202c2ce",
            "tags": {
              "Name": "NAT-only-famous-bunny"
            },
            "tags_all": {
              "Name": "NAT-only-famous-bunny"
            },
            "timeouts": null
          },
          "sensitive_attributes": [],
          "identity_schema_version": 0,
          "private": "eyJlMmJmYjczMC1lY2FhLTExZTYtOGY4OC0zNDM2M2JjN2M0YzAiOnsiY3JlYXRlIjo2MDAwMDAwMDAwMDAsImRlbGV0ZSI6MTgwMDAwMDAwMDAwMCwidXBkYXRlIjo2MDAwMDAwMDAwMDB9fQ==",
          "dependencies": [
            "aws_eip.nat_eip",
            "aws_subnet.public_subnet",
            "aws_vpc.vpc-01",
            "random_pet.pavan_pet"
          ]
        }
      ]
    },
    {
      "mode": "managed",
      "type": "aws_network_acl",
      "name": "nacl_private",
      "provider": "provider[\"registry.terraform.io/hashicorp/aws\"]",
      "instances": [
        {
          "schema_version": 0,
          "attributes": {
            "arn": "arn:aws:ec2:us-east-2:717694551492:network-acl/acl-0339f3204c0f60ff1",
            "egress": [
              {
                "action": "allow",
                "cidr_block": "0.0.0.0/0",
                "from_port": 0,
                "icmp_code": 0,
                "icmp_type": 0,
                "ipv6_cidr_block": "",
                "protocol": "-1",
                "rule_no": 500,
                "to_port": 0
              }
            ],
            "id": "acl-0339f3204c0f60ff1",
            "ingress": [
              {
                "action": "allow",
                "cidr_block": "0.0.0.0/0",
                "from_port": 1024,
                "icmp_code": 0,
                "icmp_type": 0,
                "ipv6_cidr_block": "",
                "protocol": "6",
                "rule_no": 120,
                "to_port": 65535
              },
              {
                "action": "allow",
                "cidr_block": "172.16.7.47/32",
                "from_port": 22,
                "icmp_code": 0,
                "icmp_type": 0,
                "ipv6_cidr_block": "",
                "protocol": "6",
                "rule_no": 110,
                "to_port": 22
              },
              {
                "action": "allow",
                "cidr_block": "172.16.7.47/32",
                "from_port": 3306,
                "icmp_code": 0,
                "icmp_type": 0,
                "ipv6_cidr_block": "",
                "protocol": "6",
                "rule_no": 100,
                "to_port": 3306
              }
            ],
            "owner_id": "717694551492",
            "region": "us-east-2",
            "subnet_ids": [
              "subnet-081c0533e37353cb4"
            ],
            "tags": {
              "Name": "NACL-Private-only-famous-bunny"
            },
            "tags_all": {
              "Name": "NACL-Private-only-famous-bunny"
            },
            "vpc_id": "vpc-0287668c12a6f0b5f"
          },
          "sensitive_attributes": [],
          "identity_schema_version": 0,
          "private": "bnVsbA==",
          "dependencies": [
            "aws_subnet.private_subnet",
            "aws_vpc.vpc-01",
            "random_pet.pavan_pet"
          ]
        }
      ]
    },
    {
      "mode": "managed",
      "type": "aws_network_acl",
      "name": "nacl_public",
      "provider": "provider[\"registry.terraform.io/hashicorp/aws\"]",
      "instances": [
        {
          "schema_version": 0,
          "attributes": {
            "arn": "arn:aws:ec2:us-east-2:717694551492:network-acl/acl-06a3616275866373e",
            "egress": [
              {
                "action": "allow",
                "cidr_block": "0.0.0.0/0",
                "from_port": 0,
                "icmp_code": 0,
                "icmp_type": 0,
                "ipv6_cidr_block": "",
                "protocol": "-1",
                "rule_no": 500,
                "to_port": 0
              }
            ],
            "id": "acl-06a3616275866373e",
            "ingress": [
              {
                "action": "allow",
                "cidr_block": "0.0.0.0/0",
                "from_port": 1024,
                "icmp_code": 0,
                "icmp_type": 0,
                "ipv6_cidr_block": "",
                "protocol": "6",
                "rule_no": 140,
                "to_port": 65535
              },
              {
                "action": "allow",
                "cidr_block": "0.0.0.0/0",
                "from_port": 443,
                "icmp_code": 0,
                "icmp_type": 0,
                "ipv6_cidr_block": "",
                "protocol": "6",
                "rule_no": 110,
                "to_port": 443
              },
              {
                "action": "allow",
                "cidr_block": "0.0.0.0/0",
                "from_port": 80,
                "icmp_code": 0,
                "icmp_type": 0,
                "ipv6_cidr_block": "",
                "protocol": "6",
                "rule_no": 100,
                "to_port": 80
              },
              {
                "action": "allow",
                "cidr_block": "107.115.163.86/32",
                "from_port": 3389,
                "icmp_code": 0,
                "icmp_type": 0,
                "ipv6_cidr_block": "",
                "protocol": "6",
                "rule_no": 120,
                "to_port": 3389
              }
            ],
            "owner_id": "717694551492",
            "region": "us-east-2",
            "subnet_ids": [
              "subnet-0af4879926202c2ce"
            ],
            "tags": {
              "Name": "NACL-only-famous-bunny"
            },
            "tags_all": {
              "Name": "NACL-only-famous-bunny"
            },
            "vpc_id": "vpc-0287668c12a6f0b5f"
          },
          "sensitive_attributes": [],
          "identity_schema_version": 0,
          "private": "bnVsbA==",
          "dependencies": [
            "aws_subnet.public_subnet",
            "aws_vpc.vpc-01",
            "random_pet.pavan_pet"
          ]
        }
      ]
    },
    {
      "mode": "managed",
      "type": "aws_network_acl_rule",
      "name": "nacl_private_inbound_dynamic",
      "provider": "provider[\"registry.terraform.io/hashicorp/aws\"]",
      "instances": [
        {
          "schema_version": 0,
          "attributes": {
            "cidr_block": "0.0.0.0/0",
            "egress": false,
            "from_port": 1024,
            "icmp_code": null,
            "icmp_type": null,
            "id": "nacl-787246427",
            "ipv6_cidr_block": "",
            "network_acl_id": "acl-0339f3204c0f60ff1",
            "protocol": "6",
            "region": "us-east-2",
            "rule_action": "allow",
            "rule_number": 120,
            "to_port": 65535
          },
          "sensitive_attributes": [],
          "identity_schema_version": 0,
          "private": "bnVsbA==",
          "dependencies": [
            "aws_network_acl.nacl_private",
            "aws_subnet.private_subnet",
            "aws_vpc.vpc-01",
            "random_pet.pavan_pet"
          ]
        }
      ]
    },
    {
      "mode": "managed",
      "type": "aws_network_acl_rule",
      "name": "nacl_private_inbound_mysql",
      "provider": "provider[\"registry.terraform.io/hashicorp/aws\"]",
      "instances": [
        {
          "schema_version": 0,
          "attributes": {
            "cidr_block": "172.16.7.47/32",
            "egress": false,
            "from_port": 3306,
            "icmp_code": null,
            "icmp_type": null,
            "id": "nacl-1320212496",
            "ipv6_cidr_block": "",
            "network_acl_id": "acl-0339f3204c0f60ff1",
            "protocol": "6",
            "region": "us-east-2",
            "rule_action": "allow",
            "rule_number": 100,
            "to_port": 3306
          },
          "sensitive_attributes": [],
          "identity_schema_version": 0,
          "private": "bnVsbA==",
          "dependencies": [
            "aws_instance.Windows",
            "aws_key_pair.pavan_key",
            "aws_network_acl.nacl_private",
            "aws_security_group.windows_sg",
            "aws_subnet.private_subnet",
            "aws_subnet.public_subnet",
            "aws_vpc.vpc-01",
            "data.http.my_ip",
            "random_pet.pavan_pet",
            "tls_private_key.pavan_private_key"
          ]
        }
      ]
    },
    {
      "mode": "managed",
      "type": "aws_network_acl_rule",
      "name": "nacl_private_inbound_ssh",
      "provider": "provider[\"registry.terraform.io/hashicorp/aws\"]",
      "instances": [
        {
          "schema_version": 0,
          "attributes": {
            "cidr_block": "172.16.7.47/32",
            "egress": false,
            "from_port": 22,
            "icmp_code": null,
            "icmp_type": null,
            "id": "nacl-2468741525",
            "ipv6_cidr_block": "",
            "network_acl_id": "acl-0339f3204c0f60ff1",
            "protocol": "6",
            "region": "us-east-2",
            "rule_action": "allow",
            "rule_number": 110,
            "to_port": 22
          },
          "sensitive_attributes": [],
          "identity_schema_version": 0,
          "private": "bnVsbA==",
          "dependencies": [
            "aws_instance.Windows",
            "aws_key_pair.pavan_key",
            "aws_network_acl.nacl_private",
            "aws_security_group.windows_sg",
            "aws_subnet.private_subnet",
            "aws_subnet.public_subnet",
            "aws_vpc.vpc-01",
            "data.http.my_ip",
            "random_pet.pavan_pet",
            "tls_private_key.pavan_private_key"
          ]
        }
      ]
    },
    {
      "mode": "managed",
      "type": "aws_network_acl_rule",
      "name": "nacl_private_outbound_all",
      "provider": "provider[\"registry.terraform.io/hashicorp/aws\"]",
      "instances": [
        {
          "schema_version": 0,
          "attributes": {
            "cidr_block": "0.0.0.0/0",
            "egress": true,
            "from_port": 0,
            "icmp_code": null,
            "icmp_type": null,
            "id": "nacl-3607398381",
            "ipv6_cidr_block": "",
            "network_acl_id": "acl-0339f3204c0f60ff1",
            "protocol": "-1",
            "region": "us-east-2",
            "rule_action": "allow",
            "rule_number": 500,
            "to_port": 0
          },
          "sensitive_attributes": [],
          "identity_schema_version": 0,
          "private": "bnVsbA==",
          "dependencies": [
            "aws_network_acl.nacl_private",
            "aws_subnet.private_subnet",
            "aws_vpc.vpc-01",
            "random_pet.pavan_pet"
          ]
        }
      ]
    },
    {
      "mode": "managed",
      "type": "aws_network_acl_rule",
      "name": "nacl_public_inbound_dynamic",
      "provider": "provider[\"registry.terraform.io/hashicorp/aws\"]",
      "instances": [
        {
          "schema_version": 0,
          "attributes": {
            "cidr_block": "0.0.0.0/0",
            "egress": false,
            "from_port": 1024,
            "icmp_code": null,
            "icmp_type": null,
            "id": "nacl-525674454",
            "ipv6_cidr_block": "",
            "network_acl_id": "acl-06a3616275866373e",
            "protocol": "6",
            "region": "us-east-2",
            "rule_action": "allow",
            "rule_number": 140,
            "to_port": 65535
          },
          "sensitive_attributes": [],
          "identity_schema_version": 0,
          "private": "bnVsbA==",
          "dependencies": [
            "aws_network_acl.nacl_public",
            "aws_subnet.public_subnet",
            "aws_vpc.vpc-01",
            "random_pet.pavan_pet"
          ]
        }
      ]
    },
    {
      "mode": "managed",
      "type": "aws_network_acl_rule",
      "name": "nacl_public_inbound_http",
      "provider": "provider[\"registry.terraform.io/hashicorp/aws\"]",
      "instances": [
        {
          "schema_version": 0,
          "attributes": {
            "cidr_block": "0.0.0.0/0",
            "egress": false,
            "from_port": 80,
            "icmp_code": null,
            "icmp_type": null,
            "id": "nacl-3756805440",
            "ipv6_cidr_block": "",
            "network_acl_id": "acl-06a3616275866373e",
            "protocol": "6",
            "region": "us-east-2",
            "rule_action": "allow",
            "rule_number": 100,
            "to_port": 80
          },
          "sensitive_attributes": [],
          "identity_schema_version": 0,
          "private": "bnVsbA==",
          "dependencies": [
            "aws_network_acl.nacl_public",
            "aws_subnet.public_subnet",
            "aws_vpc.vpc-01",
            "random_pet.pavan_pet"
          ]
        }
      ]
    },
    {
      "mode": "managed",
      "type": "aws_network_acl_rule",
      "name": "nacl_public_inbound_https",
      "provider": "provider[\"registry.terraform.io/hashicorp/aws\"]",
      "instances": [
        {
          "schema_version": 0,
          "attributes": {
            "cidr_block": "0.0.0.0/0",
            "egress": false,
            "from_port": 443,
            "icmp_code": null,
            "icmp_type": null,
            "id": "nacl-41587909",
            "ipv6_cidr_block": "",
            "network_acl_id": "acl-06a3616275866373e",
            "protocol": "6",
            "region": "us-east-2",
            "rule_action": "allow",
            "rule_number": 110,
            "to_port": 443
          },
          "sensitive_attributes": [],
          "identity_schema_version": 0,
          "private": "bnVsbA==",
          "dependencies": [
            "aws_network_acl.nacl_public",
            "aws_subnet.public_subnet",
            "aws_vpc.vpc-01",
            "random_pet.pavan_pet"
          ]
        }
      ]
    },
    {
      "mode": "managed",
      "type": "aws_network_acl_rule",
      "name": "nacl_public_inbound_rdp",
      "provider": "provider[\"registry.terraform.io/hashicorp/aws\"]",
      "instances": [
        {
          "schema_version": 0,
          "attributes": {
            "cidr_block": "24.155.64.208/32",
            "egress": false,
            "from_port": 3389,
            "icmp_code": null,
            "icmp_type": null,
            "id": "nacl-3216046091",
            "ipv6_cidr_block": "",
            "network_acl_id": "acl-06a3616275866373e",
            "protocol": "6",
            "region": "us-east-2",
            "rule_action": "allow",
            "rule_number": 120,
            "to_port": 3389
          },
          "sensitive_attributes": [],
          "identity_schema_version": 0,
          "private": "bnVsbA==",
          "dependencies": [
            "aws_network_acl.nacl_public",
            "aws_subnet.public_subnet",
            "aws_vpc.vpc-01",
            "data.http.my_ip",
            "random_pet.pavan_pet"
          ]
        }
      ]
    },
    {
      "mode": "managed",
      "type": "aws_network_acl_rule",
      "name": "nacl_public_outbound_all",
      "provider": "provider[\"registry.terraform.io/hashicorp/aws\"]",
      "instances": [
        {
          "schema_version": 0,
          "attributes": {
            "cidr_block": "0.0.0.0/0",
            "egress": true,
            "from_port": 0,
            "icmp_code": null,
            "icmp_type": null,
            "id": "nacl-4127264079",
            "ipv6_cidr_block": "",
            "network_acl_id": "acl-06a3616275866373e",
            "protocol": "-1",
            "region": "us-east-2",
            "rule_action": "allow",
            "rule_number": 500,
            "to_port": 0
          },
          "sensitive_attributes": [],
          "identity_schema_version": 0,
          "private": "bnVsbA==",
          "dependencies": [
            "aws_network_acl.nacl_public",
            "aws_subnet.public_subnet",
            "aws_vpc.vpc-01",
            "random_pet.pavan_pet"
          ]
        }
      ]
    },
    {
      "mode": "managed",
      "type": "aws_route_table",
      "name": "public_rt",
      "provider": "provider[\"registry.terraform.io/hashicorp/aws\"]",
      "instances": [
        {
          "schema_version": 0,
          "attributes": {
            "arn": "arn:aws:ec2:us-east-2:717694551492:route-table/rtb-002fa6ba67fab1360",
            "id": "rtb-002fa6ba67fab1360",
            "owner_id": "717694551492",
            "propagating_vgws": [],
            "region": "us-east-2",
            "route": [
              {
                "carrier_gateway_id": "",
                "cidr_block": "0.0.0.0/0",
                "core_network_arn": "",
                "destination_prefix_list_id": "",
                "egress_only_gateway_id": "",
                "gateway_id": "igw-01305ac294735ddc1",
                "ipv6_cidr_block": "",
                "local_gateway_id": "",
                "nat_gateway_id": "",
                "network_interface_id": "",
                "transit_gateway_id": "",
                "vpc_endpoint_id": "",
                "vpc_peering_connection_id": ""
              }
            ],
            "tags": {
              "Name": "public-only-famous-bunny"
            },
            "tags_all": {
              "Name": "public-only-famous-bunny"
            },
            "timeouts": null,
            "vpc_id": "vpc-0287668c12a6f0b5f"
          },
          "sensitive_attributes": [],
          "identity_schema_version": 0,
          "private": "eyJlMmJmYjczMC1lY2FhLTExZTYtOGY4OC0zNDM2M2JjN2M0YzAiOnsiY3JlYXRlIjozMDAwMDAwMDAwMDAsImRlbGV0ZSI6MzAwMDAwMDAwMDAwLCJ1cGRhdGUiOjEyMDAwMDAwMDAwMH19",
          "dependencies": [
            "aws_internet_gateway.igw",
            "aws_vpc.vpc-01",
            "random_pet.pavan_pet"
          ]
        }
      ]
    },
    {
      "mode": "managed",
      "type": "aws_route_table_association",
      "name": "public_rt_assoc",
      "provider": "provider[\"registry.terraform.io/hashicorp/aws\"]",
      "instances": [
        {
          "schema_version": 0,
          "attributes": {
            "gateway_id": "",
            "id": "rtbassoc-0b46cd438c798af75",
            "region": "us-east-2",
            "route_table_id": "rtb-002fa6ba67fab1360",
            "subnet_id": "subnet-0af4879926202c2ce",
            "timeouts": null
          },
          "sensitive_attributes": [],
          "identity_schema_version": 0,
          "private": "eyJlMmJmYjczMC1lY2FhLTExZTYtOGY4OC0zNDM2M2JjN2M0YzAiOnsiY3JlYXRlIjozMDAwMDAwMDAwMDAsImRlbGV0ZSI6MzAwMDAwMDAwMDAwLCJ1cGRhdGUiOjEyMDAwMDAwMDAwMH19",
          "dependencies": [
            "aws_internet_gateway.igw",
            "aws_route_table.public_rt",
            "aws_subnet.public_subnet",
            "aws_vpc.vpc-01",
            "random_pet.pavan_pet"
          ]
        }
      ]
    },
    {
      "mode": "managed",
      "type": "aws_security_group",
      "name": "Linux_SG",
      "provider": "provider[\"registry.terraform.io/hashicorp/aws\"]",
      "instances": [
        {
          "schema_version": 1,
          "attributes": {
            "arn": "arn:aws:ec2:us-east-2:717694551492:security-group/sg-09039881f7f75b31b",
            "description": "Allows SSH and MySQL",
            "egress": [
              {
                "cidr_blocks": [
                  "0.0.0.0/0"
                ],
                "description": "Allows all outbound traffic",
                "from_port": 0,
                "ipv6_cidr_blocks": [],
                "prefix_list_ids": [],
                "protocol": "-1",
                "security_groups": [],
                "self": false,
                "to_port": 0
              }
            ],
            "id": "sg-09039881f7f75b31b",
            "ingress": [
              {
                "cidr_blocks": [
                  "172.16.7.47/32"
                ],
                "description": "Allows inbound MySQL 3306",
                "from_port": 3306,
                "ipv6_cidr_blocks": [],
                "prefix_list_ids": [],
                "protocol": "tcp",
                "security_groups": [],
                "self": false,
                "to_port": 3306
              },
              {
                "cidr_blocks": [
                  "172.16.7.47/32"
                ],
                "description": "Allows inbound SSH 22",
                "from_port": 22,
                "ipv6_cidr_blocks": [],
                "prefix_list_ids": [],
                "protocol": "tcp",
                "security_groups": [],
                "self": false,
                "to_port": 22
              }
            ],
            "name": "only-famous-bunny-Linux_SG",
            "name_prefix": "",
            "owner_id": "717694551492",
            "region": "us-east-2",
            "revoke_rules_on_delete": false,
            "tags": {},
            "tags_all": {},
            "timeouts": null,
            "vpc_id": "vpc-0287668c12a6f0b5f"
          },
          "sensitive_attributes": [],
          "identity_schema_version": 0,
          "identity": {
            "account_id": "717694551492",
            "id": "sg-09039881f7f75b31b",
            "region": "us-east-2"
          },
          "private": "eyJlMmJmYjczMC1lY2FhLTExZTYtOGY4OC0zNDM2M2JjN2M0YzAiOnsiY3JlYXRlIjo2MDAwMDAwMDAwMDAsImRlbGV0ZSI6OTAwMDAwMDAwMDAwfSwic2NoZW1hX3ZlcnNpb24iOiIxIn0=",
          "dependencies": [
            "aws_instance.Windows",
            "aws_key_pair.pavan_key",
            "aws_security_group.windows_sg",
            "aws_subnet.public_subnet",
            "aws_vpc.vpc-01",
            "data.http.my_ip",
            "random_pet.pavan_pet",
            "tls_private_key.pavan_private_key"
          ]
        }
      ]
    },
    {
      "mode": "managed",
      "type": "aws_security_group",
      "name": "windows_sg",
      "provider": "provider[\"registry.terraform.io/hashicorp/aws\"]",
      "instances": [
        {
          "schema_version": 1,
          "attributes": {
            "arn": "arn:aws:ec2:us-east-2:717694551492:security-group/sg-0010115878848f112",
            "description": "Allows RDP,HTTP and HTTPS",
            "egress": [
              {
                "cidr_blocks": [
                  "0.0.0.0/0"
                ],
                "description": "Allows all outbound traffic",
                "from_port": 0,
                "ipv6_cidr_blocks": [],
                "prefix_list_ids": [],
                "protocol": "-1",
                "security_groups": [],
                "self": false,
                "to_port": 0
              }
            ],
            "id": "sg-0010115878848f112",
            "ingress": [
              {
                "cidr_blocks": [
                  "0.0.0.0/0"
                ],
                "description": "Allows inbound HTTP 80",
                "from_port": 80,
                "ipv6_cidr_blocks": [],
                "prefix_list_ids": [],
                "protocol": "tcp",
                "security_groups": [],
                "self": false,
                "to_port": 80
              },
              {
                "cidr_blocks": [
                  "0.0.0.0/0"
                ],
                "description": "Allows inbound HTTPS 80",
                "from_port": 443,
                "ipv6_cidr_blocks": [],
                "prefix_list_ids": [],
                "protocol": "tcp",
                "security_groups": [],
                "self": false,
                "to_port": 443
              },
              {
                "cidr_blocks": [
                  "24.155.64.208/32"
                ],
                "description": "Allows inbound RDP 3389",
                "from_port": 3389,
                "ipv6_cidr_blocks": [],
                "prefix_list_ids": [],
                "protocol": "tcp",
                "security_groups": [],
                "self": false,
                "to_port": 3389
              }
            ],
            "name": "windows-only-famous-bunny-sg",
            "name_prefix": "",
            "owner_id": "717694551492",
            "region": "us-east-2",
            "revoke_rules_on_delete": false,
            "tags": {
              "Name": "windows-only-famous-bunny-sg"
            },
            "tags_all": {
              "Name": "windows-only-famous-bunny-sg"
            },
            "timeouts": null,
            "vpc_id": "vpc-0287668c12a6f0b5f"
          },
          "sensitive_attributes": [],
          "identity_schema_version": 0,
          "identity": {
            "account_id": "717694551492",
            "id": "sg-0010115878848f112",
            "region": "us-east-2"
          },
          "private": "eyJlMmJmYjczMC1lY2FhLTExZTYtOGY4OC0zNDM2M2JjN2M0YzAiOnsiY3JlYXRlIjo2MDAwMDAwMDAwMDAsImRlbGV0ZSI6OTAwMDAwMDAwMDAwfSwic2NoZW1hX3ZlcnNpb24iOiIxIn0=",
          "dependencies": [
            "aws_vpc.vpc-01",
            "data.http.my_ip",
            "random_pet.pavan_pet"
          ]
        }
      ]
    },
    {
      "mode": "managed",
      "type": "aws_subnet",
      "name": "private_subnet",
      "provider": "provider[\"registry.terraform.io/hashicorp/aws\"]",
      "instances": [
        {
          "schema_version": 1,
          "attributes": {
            "arn": "arn:aws:ec2:us-east-2:717694551492:subnet/subnet-081c0533e37353cb4",
            "assign_ipv6_address_on_creation": false,
            "availability_zone": "us-east-2b",
            "availability_zone_id": "use2-az2",
            "cidr_block": "172.16.8.0/21",
            "customer_owned_ipv4_pool": "",
            "enable_dns64": false,
            "enable_lni_at_device_index": 0,
            "enable_resource_name_dns_a_record_on_launch": false,
            "enable_resource_name_dns_aaaa_record_on_launch": false,
            "id": "subnet-081c0533e37353cb4",
            "ipv6_cidr_block": "",
            "ipv6_cidr_block_association_id": "",
            "ipv6_native": false,
            "map_customer_owned_ip_on_launch": false,
            "map_public_ip_on_launch": false,
            "outpost_arn": "",
            "owner_id": "717694551492",
            "private_dns_hostname_type_on_launch": "ip-name",
            "region": "us-east-2",
            "tags": {
              "Name": "private-only-famous-bunny"
            },
            "tags_all": {
              "Name": "private-only-famous-bunny"
            },
            "timeouts": null,
            "vpc_id": "vpc-0287668c12a6f0b5f"
          },
          "sensitive_attributes": [],
          "identity_schema_version": 0,
          "identity": {
            "account_id": "717694551492",
            "id": "subnet-081c0533e37353cb4",
            "region": "us-east-2"
          },
          "private": "eyJlMmJmYjczMC1lY2FhLTExZTYtOGY4OC0zNDM2M2JjN2M0YzAiOnsiY3JlYXRlIjo2MDAwMDAwMDAwMDAsImRlbGV0ZSI6MTIwMDAwMDAwMDAwMH0sInNjaGVtYV92ZXJzaW9uIjoiMSJ9",
          "dependencies": [
            "aws_vpc.vpc-01",
            "random_pet.pavan_pet"
          ]
        }
      ]
    },
    {
      "mode": "managed",
      "type": "aws_subnet",
      "name": "public_subnet",
      "provider": "provider[\"registry.terraform.io/hashicorp/aws\"]",
      "instances": [
        {
          "schema_version": 1,
          "attributes": {
            "arn": "arn:aws:ec2:us-east-2:717694551492:subnet/subnet-0af4879926202c2ce",
            "assign_ipv6_address_on_creation": false,
            "availability_zone": "us-east-2a",
            "availability_zone_id": "use2-az1",
            "cidr_block": "172.16.0.0/21",
            "customer_owned_ipv4_pool": "",
            "enable_dns64": false,
            "enable_lni_at_device_index": 0,
            "enable_resource_name_dns_a_record_on_launch": false,
            "enable_resource_name_dns_aaaa_record_on_launch": false,
            "id": "subnet-0af4879926202c2ce",
            "ipv6_cidr_block": "",
            "ipv6_cidr_block_association_id": "",
            "ipv6_native": false,
            "map_customer_owned_ip_on_launch": false,
            "map_public_ip_on_launch": false,
            "outpost_arn": "",
            "owner_id": "717694551492",
            "private_dns_hostname_type_on_launch": "ip-name",
            "region": "us-east-2",
            "tags": {
              "Name": "public-only-famous-bunny"
            },
            "tags_all": {
              "Name": "public-only-famous-bunny"
            },
            "timeouts": null,
            "vpc_id": "vpc-0287668c12a6f0b5f"
          },
          "sensitive_attributes": [],
          "identity_schema_version": 0,
          "identity": {
            "account_id": "717694551492",
            "id": "subnet-0af4879926202c2ce",
            "region": "us-east-2"
          },
          "private": "eyJlMmJmYjczMC1lY2FhLTExZTYtOGY4OC0zNDM2M2JjN2M0YzAiOnsiY3JlYXRlIjo2MDAwMDAwMDAwMDAsImRlbGV0ZSI6MTIwMDAwMDAwMDAwMH0sInNjaGVtYV92ZXJzaW9uIjoiMSJ9",
          "dependencies": [
            "aws_vpc.vpc-01",
            "random_pet.pavan_pet"
          ]
        }
      ]
    },
    {
      "mode": "managed",
      "type": "aws_vpc",
      "name": "vpc-01",
      "provider": "provider[\"registry.terraform.io/hashicorp/aws\"]",
      "instances": [
        {
          "schema_version": 1,
          "attributes": {
            "arn": "arn:aws:ec2:us-east-2:717694551492:vpc/vpc-0287668c12a6f0b5f",
            "assign_generated_ipv6_cidr_block": false,
            "cidr_block": "172.16.0.0/20",
            "default_network_acl_id": "acl-0128344d4e3978139",
            "default_route_table_id": "rtb-0db2cdb22e4bb46bb",
            "default_security_group_id": "sg-0e4b9f549c87efd71",
            "dhcp_options_id": "dopt-040f81f8d1709d42f",
            "enable_dns_hostnames": true,
            "enable_dns_support": true,
            "enable_network_address_usage_metrics": false,
            "id": "vpc-0287668c12a6f0b5f",
            "instance_tenancy": "default",
            "ipv4_ipam_pool_id": null,
            "ipv4_netmask_length": null,
            "ipv6_association_id": "",
            "ipv6_cidr_block": "",
            "ipv6_cidr_block_network_border_group": "",
            "ipv6_ipam_pool_id": "",
            "ipv6_netmask_length": 0,
            "main_route_table_id": "rtb-0db2cdb22e4bb46bb",
            "owner_id": "717694551492",
            "region": "us-east-2",
            "tags": {
              "Name": "only-famous-bunny"
            },
            "tags_all": {
              "Name": "only-famous-bunny"
            }
          },
          "sensitive_attributes": [],
          "identity_schema_version": 0,
          "private": "eyJzY2hlbWFfdmVyc2lvbiI6IjEifQ==",
          "dependencies": [
            "random_pet.pavan_pet"
          ]
        }
      ]
    },
    {
      "mode": "managed",
      "type": "local_file",
      "name": "pavan_encrpt_pwd",
      "provider": "provider[\"registry.terraform.io/hashicorp/local\"]",
      "instances": [
        {
          "schema_version": 0,
          "attributes": {
            "content": "DqfOiwZxGzsD4PoJkHkDqov0KoQfQyfc3rfe6zP6V3DE9XTaWftfscv8jnNiSB7wN7nzO+1e07k54jHUvba/i/HkNxqG3ZQ59DBMZ0o+aChPl+h4rTcTQX+ypjd+nwkC5ddLLMbTQaQoIy2vMzufzfHIVatZ2kzxNOWxc1Qb0gmoRLNQ3nqbVE+eYGhtLvFCRCfRIcHsEnsMHlGRFJR95oQRkYrfvob2/UKRnoxgXLaflwz9PIYxbe8yh3b/oXUZQocDpNC6szxHsywQhXk/3FTbZpeVhEH5Qp+bPPUpeYSQq/3jI7TaWTYb36KnuZiFCjwnGv48NLJApl71HgQfWg==",
            "content_base64": null,
            "content_base64sha256": "bZ1JjJtGfDNjmygrieWVUejKQS4iw1Zz+jbaKv7QIBo=",
            "content_base64sha512": "KoyJLa5nA0L5FvivdEm1ahJ0aR+DdBPZMMuZ4r+ShA/4QrY0emw/hGFhfl/qzYOeqKKPLy7vDKf6URs4jsHRfQ==",
            "content_md5": "1739c7f778c4948617d3133c1f2e71c5",
            "content_sha1": "9ceb33c991a53790961d929aeae5766bbc247b8d",
            "content_sha256": "6d9d498c9b467c33639b282b89e59551e8ca412e22c35673fa36da2afed0201a",
            "content_sha512": "2a8c892dae670342f916f8af7449b56a1274691f837413d930cb99e2bf92840ff842b6347a6c3f8461617e5feacd839ea8a28f2f2eef0ca7fa511b388ec1d17d",
            "directory_permission": "0777",
            "file_permission": "0777",
            "filename": "pavan_web_server_encrypted_password.txt",
            "id": "9ceb33c991a53790961d929aeae5766bbc247b8d",
            "sensitive_content": null,
            "source": null
          },
          "sensitive_attributes": [
            [
              {
                "type": "get_attr",
                "value": "sensitive_content"
              }
            ]
          ],
          "identity_schema_version": 0,
          "dependencies": [
            "aws_instance.Windows",
            "aws_key_pair.pavan_key",
            "aws_security_group.windows_sg",
            "aws_subnet.public_subnet",
            "aws_vpc.vpc-01",
            "data.http.my_ip",
            "local_file.pavan_private_key_pem",
            "random_pet.pavan_pet",
            "tls_private_key.pavan_private_key"
          ]
        }
      ]
    },
    {
      "mode": "managed",
      "type": "local_file",
      "name": "pavan_private_key_pem",
      "provider": "provider[\"registry.terraform.io/hashicorp/local\"]",
      "instances": [
        {
          "schema_version": 0,
          "attributes": {
            "content": "-----BEGIN RSA PRIVATE KEY-----\nMIIEpAIBAAKCAQEAr6BCtWesB2ILRg5+c6hC+WMy6BpwJpqLHfXPTK21cxlqHfjJ\ndADGN8Llg/w9UnbKz21a/N0yLd2DRhZF5xX3JABx6rES91bOZOPF42kC+8N3b+pG\nAP3zcQ2j43ZAUGgOv+ya3LH2veTwTvGN0OJrAfXcJtRdfn4qsFjlOVKucbA7wyin\nLOlbckwu/TULXdYnXCUBOnWpzUc9fPztN7gyqnx8V6CGG1DnMef9fPgYXqkvXPgu\nnz9cfC9UlmeNMKfqM80Z0LBxRmDniZfS2+nG/W4rlXKgh7JptxxePdAoQ3AuXYpB\n3MMNvnQVWKHLAznqlVuk2JQI1LMIBaW+raoxOwIDAQABAoIBAE0pKpXb3huCSnS1\non37A63hFPkfwH1dcdiwaisEuM9Ab7yKVSwHuQ6/rKn/1QtZkMJwh8TIBCddhrLw\nzzZ3kpT5MxOLR8tukpCF+CfxN7PYTa3Ybng6Gs5lUUd66UfKaAyPjfx/neoRXzk3\n7HhFOgFq/RX8QLV2BhhjfhZgyq68pXzRKEcEL08YT5PHHCZsAKtLHijIA7AcXHkk\nxEqfzAsQUV1lOHroC5Zo1T260bVL6Uf7I8D7TYSF9pBQ4/utGOFQ9TUrpHJHZauc\nG3nRP6b1FFGzAhvdQw9VzR65sHnD+4Bo9ZvbtoYQuK6h8108vmP8uC1NvVB9eMQ7\n9wMUDhECgYEA59nFDb472dzRzQ5hdmaZFClIwtyG2t718fRcIzxv9NHJmWtGRLrY\nHQC2Zcdk16t3sXWqPRbF5d8BhSrse+dM9hmubMgCzWSvul+AbRdv20QhkncOMmpt\nPNZprcU4FvH6oBXvdIvFcANPPUYzD6XsD4a60Q6wgXb/hcjp/ziHBOsCgYEAwetG\n7yuOaEqP80jxZMpI69qUf7vS16AHQWA1O2Gn1uZo5saLE451s0WXE48TvFFlmKFp\n8XqKu+FK0gkl2HtloGUf9wJroPB+DL5jmcMZwdP9+BItgP7LGp6Rmi5tiCU6NOjN\nKhFcMa+3iYNqt7n2zcWnvQ8QrPoW6mIjyFJHsPECgYEAmxfR+Z+H6fUNY157U/jN\n7e6v/aoHi+IaJACSof+L5PlxIm/gUZmrd7tCSFNZ4euR5eQQPU0+lMbY/Xv5NelE\nUlxbkek59quj4ciA4HkNGmA5FQEPPipzaH8Fsnh7TN4SCYSi6hOVv5h3KUYMYitb\n/gbicXaiG/i+dYAxB8mIiIECgYANjsuI0TzFoeDqm4D1EQeEJeYYACO/m5qmQXm3\nSx6W8ckHyX3TwjQMcqMbZPd2RSKbRz3G+lBUzm2Svbz9o7L5Qdi4Rl0MBYRqk60X\nBQL6AD5TZ8HysN22YLvBUdmqmR+2r0gY1tnhR23HmX6Oldvhix4tI66AyYNso6vo\nx4fnoQKBgQC0PYaA5W9eCBpyMcAgoJq7f7N6XMGZG77xZzzyouBOidfpmstqlFM2\nsS7PQx1mKIaUs8kj03Euv/+5BGb4Ko8UogrGbnNUoYE9aFcUqSZ22WKphiuo++zt\nRL/0LcWHD4SZxh5bYLmClgFLlDG8MmCSLbkS2WfvROcW7SZEJe1WyA==\n-----END RSA PRIVATE KEY-----\n",
            "content_base64": null,
            "content_base64sha256": "9NNpHVZL21QOlxUz47sL0X102rBCQEo1jB7jK/dMe7M=",
            "content_base64sha512": "P3yaYzHPI22CbzvlIWcgLY0nHbteEL5fdCbFx8h7NCukYdiLQE9D12UlMbSNN43m3b+N9ja4ewJ1yEL8ldm+UA==",
            "content_md5": "a552e1e257828d52b30b401eaf1eebd0",
            "content_sha1": "21a751561b1c6d42caee8b5b0606a88b90421552",
            "content_sha256": "f4d3691d564bdb540e971533e3bb0bd17d74dab042404a358c1ee32bf74c7bb3",
            "content_sha512": "3f7c9a6331cf236d826f3be52167202d8d271dbb5e10be5f7426c5c7c87b342ba461d88b404f43d7652531b48d378de6ddbf8df636b87b0275c842fc95d9be50",
            "directory_permission": "0777",
            "file_permission": "0777",
            "filename": "only-famous-bunny_private.pem",
            "id": "21a751561b1c6d42caee8b5b0606a88b90421552",
            "sensitive_content": null,
            "source": null
          },
          "sensitive_attributes": [
            [
              {
                "type": "get_attr",
                "value": "content"
              }
            ],
            [
              {
                "type": "get_attr",
                "value": "sensitive_content"
              }
            ]
          ],
          "identity_schema_version": 0,
          "dependencies": [
            "random_pet.pavan_pet",
            "tls_private_key.pavan_private_key"
          ]
        }
      ]
    },
    {
      "mode": "managed",
      "type": "local_file",
      "name": "pavan_public_key_pem",
      "provider": "provider[\"registry.terraform.io/hashicorp/local\"]",
      "instances": [
        {
          "schema_version": 0,
          "attributes": {
            "content": "ssh-rsa AAAAB3NzaC1yc2EAAAADAQABAAABAQCvoEK1Z6wHYgtGDn5zqEL5YzLoGnAmmosd9c9MrbVzGWod+Ml0AMY3wuWD/D1SdsrPbVr83TIt3YNGFkXnFfckAHHqsRL3Vs5k48XjaQL7w3dv6kYA/fNxDaPjdkBQaA6/7Jrcsfa95PBO8Y3Q4msB9dwm1F1+fiqwWOU5Uq5xsDvDKKcs6VtyTC79NQtd1idcJQE6danNRz18/O03uDKqfHxXoIYbUOcx5/18+BheqS9c+C6fP1x8L1SWZ40wp+ozzRnQsHFGYOeJl9Lb6cb9biuVcqCHsmm3HF490ChDcC5dikHcww2+dBVYocsDOeqVW6TYlAjUswgFpb6tqjE7\n",
            "content_base64": null,
            "content_base64sha256": "ej9tdT1lgunJYKkndKZN22mH9y601zSZYfgrfXsuumM=",
            "content_base64sha512": "mPI2eAcB0XIL62b1iDXtawI1u45/R50PAVDIMmGkVngzcg9nj1iaRUpcjM8Cvc6FhcLwfpCYrc5fSXAkaOUY+Q==",
            "content_md5": "1d908daed8434e8220f14f7d1ef65f2e",
            "content_sha1": "1cc8d1fab58e47d82a0afb8a89fa94e13e015a04",
            "content_sha256": "7a3f6d753d6582e9c960a92774a64ddb6987f72eb4d7349961f82b7d7b2eba63",
            "content_sha512": "98f236780701d1720beb66f58835ed6b0235bb8e7f479d0f0150c83261a4567833720f678f589a454a5c8ccf02bdce8585c2f07e9098adce5f49702468e518f9",
            "directory_permission": "0777",
            "file_permission": "0777",
            "filename": "only-famous-bunny_public.pem",
            "id": "1cc8d1fab58e47d82a0afb8a89fa94e13e015a04",
            "sensitive_content": null,
            "source": null
          },
          "sensitive_attributes": [
            [
              {
                "type": "get_attr",
                "value": "sensitive_content"
              }
            ]
          ],
          "identity_schema_version": 0,
          "dependencies": [
            "random_pet.pavan_pet",
            "tls_private_key.pavan_private_key"
          ]
        }
      ]
    },
    {
      "mode": "managed",
      "type": "local_file",
      "name": "pavan_rdp_file",
      "provider": "provider[\"registry.terraform.io/hashicorp/local\"]",
      "instances": [
        {
          "schema_version": 0,
          "attributes": {
            "content": "auto connect:i:1\r\nfull address:s:3.150.29.49\r\nusername:s:Administrator\r\naudiomode:i:2\r\naudiocapturemode:i:1\r\n",
            "content_base64": null,
            "content_base64sha256": "pKvm7vJ33L7Us24UFaSc47WW9+UdHdBXmFwYe3N0TMc=",
            "content_base64sha512": "2OcZ1VTMk8S4FGCzVQZwRhE0nN+nlHjx0oBpoyASnHepphK6dnVB1D77GFSzzbvdGY/+fQ+EVaKMCnjMB1nf6w==",
            "content_md5": "2ff9b568b7ca8b2beae8e3c8528a9aee",
            "content_sha1": "4640dc19cc50ee87095ba7ca05eecaa978f1581a",
            "content_sha256": "a4abe6eef277dcbed4b36e1415a49ce3b596f7e51d1dd057985c187b73744cc7",
            "content_sha512": "d8e719d554cc93c4b81460b35506704611349cdfa79478f1d28069a320129c77a9a612ba767541d43efb1854b3cdbbdd198ffe7d0f8455a28c0a78cc0759dfeb",
            "directory_permission": "0777",
            "file_permission": "0777",
            "filename": "pavan_web_20250902212811.rdp",
            "id": "4640dc19cc50ee87095ba7ca05eecaa978f1581a",
            "sensitive_content": null,
            "source": null
          },
          "sensitive_attributes": [
            [
              {
                "type": "get_attr",
                "value": "sensitive_content"
              }
            ]
          ],
          "identity_schema_version": 0,
          "dependencies": [
            "aws_eip.windows-eip",
            "aws_eip_association.Windows_eip_assoc",
            "aws_instance.Windows",
            "aws_key_pair.pavan_key",
            "aws_security_group.windows_sg",
            "aws_subnet.public_subnet",
            "aws_vpc.vpc-01",
            "data.http.my_ip",
            "data.template_file.Pavan_rdp",
            "random_pet.pavan_pet",
            "tls_private_key.pavan_private_key"
          ]
        }
      ]
    },
    {
      "mode": "managed",
      "type": "null_resource",
      "name": "rdp_execute",
      "provider": "provider[\"registry.terraform.io/hashicorp/null\"]",
      "instances": [
        {
          "schema_version": 0,
          "attributes": {
            "id": "7998848270644754804",
            "triggers": {
              "rdp_file": "pavan_web_20250902212811.rdp"
            }
          },
          "sensitive_attributes": [],
          "identity_schema_version": 0,
          "dependencies": [
            "aws_eip.windows-eip",
            "aws_eip_association.Windows_eip_assoc",
            "aws_instance.Windows",
            "aws_key_pair.pavan_key",
            "aws_security_group.windows_sg",
            "aws_subnet.public_subnet",
            "aws_vpc.vpc-01",
            "data.http.my_ip",
            "data.template_file.Pavan_rdp",
            "local_file.pavan_rdp_file",
            "random_pet.pavan_pet",
            "tls_private_key.pavan_private_key"
          ]
        }
      ]
    },
    {
      "mode": "managed",
      "type": "random_id",
      "name": "pavan_id",
      "provider": "provider[\"registry.terraform.io/hashicorp/random\"]",
      "instances": [
        {
          "schema_version": 0,
          "attributes": {
            "b64_std": "7InHCGllMcE=",
            "b64_url": "7InHCGllMcE",
            "byte_length": 8,
            "dec": "17044373103702258113",
            "hex": "ec89c708696531c1",
            "id": "7InHCGllMcE",
            "keepers": null,
            "prefix": null
          },
          "sensitive_attributes": [],
          "identity_schema_version": 0
        }
      ]
    },
    {
      "mode": "managed",
      "type": "random_integer",
      "name": "pavan_integer",
      "provider": "provider[\"registry.terraform.io/hashicorp/random\"]",
      "instances": [
        {
          "schema_version": 0,
          "attributes": {
            "id": "66",
            "keepers": null,
            "max": 100,
            "min": 10,
            "result": 66,
            "seed": null
          },
          "sensitive_attributes": [],
          "identity_schema_version": 0
        }
      ]
    },
    {
      "mode": "managed",
      "type": "random_password",
      "name": "pavan_password",
      "provider": "provider[\"registry.terraform.io/hashicorp/random\"]",
      "instances": [
        {
          "schema_version": 3,
          "attributes": {
            "bcrypt_hash": "$2a$10$wj1za9ymILZLNCbQJBozu.cLrHSdhRKKNu9Lxo9zfqNBU5oDdpIOe",
            "id": "none",
            "keepers": null,
            "length": 15,
            "lower": true,
            "min_lower": 0,
            "min_numeric": 0,
            "min_special": 0,
            "min_upper": 0,
            "number": true,
            "numeric": true,
            "override_special": null,
            "result": "r:@)q\u003c[JWShsB5E",
            "special": true,
            "upper": true
          },
          "sensitive_attributes": [
            [
              {
                "type": "get_attr",
                "value": "bcrypt_hash"
              }
            ],
            [
              {
                "type": "get_attr",
                "value": "result"
              }
            ]
          ],
          "identity_schema_version": 0
        }
      ]
    },
    {
      "mode": "managed",
      "type": "random_pet",
      "name": "pavan_pet",
      "provider": "provider[\"registry.terraform.io/hashicorp/random\"]",
      "instances": [
        {
          "schema_version": 0,
          "attributes": {
            "id": "only-famous-bunny",
            "keepers": null,
            "length": 3,
            "prefix": null,
            "separator": "-"
          },
          "sensitive_attributes": [],
          "identity_schema_version": 0
        }
      ]
    },
    {
      "mode": "managed",
      "type": "random_shuffle",
      "name": "Random_region",
      "provider": "provider[\"registry.terraform.io/hashicorp/random\"]",
      "instances": [
        {
          "schema_version": 0,
          "attributes": {
            "id": "-",
            "input": [
              "us-east-1",
              "us-east-2"
            ],
            "keepers": null,
            "result": [
              "us-east-2"
            ],
            "result_count": 1,
            "seed": null
          },
          "sensitive_attributes": [],
          "identity_schema_version": 0
        }
      ]
    },
    {
      "mode": "managed",
      "type": "random_string",
      "name": "pavan_string",
      "provider": "provider[\"registry.terraform.io/hashicorp/random\"]",
      "instances": [
        {
          "schema_version": 2,
          "attributes": {
            "id": "29ol]W2WB@h0XizX",
            "keepers": null,
            "length": 16,
            "lower": true,
            "min_lower": 0,
            "min_numeric": 0,
            "min_special": 0,
            "min_upper": 0,
            "number": true,
            "numeric": true,
            "override_special": null,
            "result": "29ol]W2WB@h0XizX",
            "special": true,
            "upper": true
          },
          "sensitive_attributes": [],
          "identity_schema_version": 0
        }
      ]
    },
    {
      "mode": "managed",
      "type": "random_uuid",
      "name": "pavan_uuid",
      "provider": "provider[\"registry.terraform.io/hashicorp/random\"]",
      "instances": [
        {
          "schema_version": 0,
          "attributes": {
            "id": "d18b288e-5594-ec83-dd6a-35da9a556b5c",
            "keepers": null,
            "result": "d18b288e-5594-ec83-dd6a-35da9a556b5c"
          },
          "sensitive_attributes": [],
          "identity_schema_version": 0
        }
      ]
    },
    {
      "mode": "managed",
      "type": "tls_private_key",
      "name": "pavan_private_key",
      "provider": "provider[\"registry.terraform.io/hashicorp/tls\"]",
      "instances": [
        {
          "schema_version": 1,
          "attributes": {
            "algorithm": "RSA",
            "ecdsa_curve": "P224",
            "id": "0f4c622351304912fe7d67b2742c4ac274978421",
            "private_key_openssh": "-----BEGIN OPENSSH PRIVATE KEY-----\nb3BlbnNzaC1rZXktdjEAAAAABG5vbmUAAAAEbm9uZQAAAAAAAAABAAABFwAAAAdz\nc2gtcnNhAAAAAwEAAQAAAQEAr6BCtWesB2ILRg5+c6hC+WMy6BpwJpqLHfXPTK21\ncxlqHfjJdADGN8Llg/w9UnbKz21a/N0yLd2DRhZF5xX3JABx6rES91bOZOPF42kC\n+8N3b+pGAP3zcQ2j43ZAUGgOv+ya3LH2veTwTvGN0OJrAfXcJtRdfn4qsFjlOVKu\ncbA7wyinLOlbckwu/TULXdYnXCUBOnWpzUc9fPztN7gyqnx8V6CGG1DnMef9fPgY\nXqkvXPgunz9cfC9UlmeNMKfqM80Z0LBxRmDniZfS2+nG/W4rlXKgh7JptxxePdAo\nQ3AuXYpB3MMNvnQVWKHLAznqlVuk2JQI1LMIBaW+raoxOwAAA7iG0THhhtEx4QAA\nAAdzc2gtcnNhAAABAQCvoEK1Z6wHYgtGDn5zqEL5YzLoGnAmmosd9c9MrbVzGWod\n+Ml0AMY3wuWD/D1SdsrPbVr83TIt3YNGFkXnFfckAHHqsRL3Vs5k48XjaQL7w3dv\n6kYA/fNxDaPjdkBQaA6/7Jrcsfa95PBO8Y3Q4msB9dwm1F1+fiqwWOU5Uq5xsDvD\nKKcs6VtyTC79NQtd1idcJQE6danNRz18/O03uDKqfHxXoIYbUOcx5/18+BheqS9c\n+C6fP1x8L1SWZ40wp+ozzRnQsHFGYOeJl9Lb6cb9biuVcqCHsmm3HF490ChDcC5d\nikHcww2+dBVYocsDOeqVW6TYlAjUswgFpb6tqjE7AAAAAwEAAQAAAQBNKSqV294b\ngkp0taJ9+wOt4RT5H8B9XXHYsGorBLjPQG+8ilUsB7kOv6yp/9ULWZDCcIfEyAQn\nXYay8M82d5KU+TMTi0fLbpKQhfgn8Tez2E2t2G54OhrOZVFHeulHymgMj438f53q\nEV85N+x4RToBav0V/EC1dgYYY34WYMquvKV80ShHBC9PGE+TxxwmbACrSx4oyAOw\nHFx5JMRKn8wLEFFdZTh66AuWaNU9utG1S+lH+yPA+02EhfaQUOP7rRjhUPU1K6Ry\nR2WrnBt50T+m9RRRswIb3UMPVc0eubB5w/uAaPWb27aGELiuofNdPL5j/LgtTb1Q\nfXjEO/cDFA4RAAAAgQC0PYaA5W9eCBpyMcAgoJq7f7N6XMGZG77xZzzyouBOidfp\nmstqlFM2sS7PQx1mKIaUs8kj03Euv/+5BGb4Ko8UogrGbnNUoYE9aFcUqSZ22WKp\nhiuo++ztRL/0LcWHD4SZxh5bYLmClgFLlDG8MmCSLbkS2WfvROcW7SZEJe1WyAAA\nAIEA59nFDb472dzRzQ5hdmaZFClIwtyG2t718fRcIzxv9NHJmWtGRLrYHQC2Zcdk\n16t3sXWqPRbF5d8BhSrse+dM9hmubMgCzWSvul+AbRdv20QhkncOMmptPNZprcU4\nFvH6oBXvdIvFcANPPUYzD6XsD4a60Q6wgXb/hcjp/ziHBOsAAACBAMHrRu8rjmhK\nj/NI8WTKSOvalH+70tegB0FgNTthp9bmaObGixOOdbNFlxOPE7xRZZihafF6irvh\nStIJJdh7ZaBlH/cCa6Dwfgy+Y5nDGcHT/fgSLYD+yxqekZoubYglOjTozSoRXDGv\nt4mDare59s3Fp70PEKz6FupiI8hSR7DxAAAAAAEC\n-----END OPENSSH PRIVATE KEY-----\n",
            "private_key_pem": "-----BEGIN RSA PRIVATE KEY-----\nMIIEpAIBAAKCAQEAr6BCtWesB2ILRg5+c6hC+WMy6BpwJpqLHfXPTK21cxlqHfjJ\ndADGN8Llg/w9UnbKz21a/N0yLd2DRhZF5xX3JABx6rES91bOZOPF42kC+8N3b+pG\nAP3zcQ2j43ZAUGgOv+ya3LH2veTwTvGN0OJrAfXcJtRdfn4qsFjlOVKucbA7wyin\nLOlbckwu/TULXdYnXCUBOnWpzUc9fPztN7gyqnx8V6CGG1DnMef9fPgYXqkvXPgu\nnz9cfC9UlmeNMKfqM80Z0LBxRmDniZfS2+nG/W4rlXKgh7JptxxePdAoQ3AuXYpB\n3MMNvnQVWKHLAznqlVuk2JQI1LMIBaW+raoxOwIDAQABAoIBAE0pKpXb3huCSnS1\non37A63hFPkfwH1dcdiwaisEuM9Ab7yKVSwHuQ6/rKn/1QtZkMJwh8TIBCddhrLw\nzzZ3kpT5MxOLR8tukpCF+CfxN7PYTa3Ybng6Gs5lUUd66UfKaAyPjfx/neoRXzk3\n7HhFOgFq/RX8QLV2BhhjfhZgyq68pXzRKEcEL08YT5PHHCZsAKtLHijIA7AcXHkk\nxEqfzAsQUV1lOHroC5Zo1T260bVL6Uf7I8D7TYSF9pBQ4/utGOFQ9TUrpHJHZauc\nG3nRP6b1FFGzAhvdQw9VzR65sHnD+4Bo9ZvbtoYQuK6h8108vmP8uC1NvVB9eMQ7\n9wMUDhECgYEA59nFDb472dzRzQ5hdmaZFClIwtyG2t718fRcIzxv9NHJmWtGRLrY\nHQC2Zcdk16t3sXWqPRbF5d8BhSrse+dM9hmubMgCzWSvul+AbRdv20QhkncOMmpt\nPNZprcU4FvH6oBXvdIvFcANPPUYzD6XsD4a60Q6wgXb/hcjp/ziHBOsCgYEAwetG\n7yuOaEqP80jxZMpI69qUf7vS16AHQWA1O2Gn1uZo5saLE451s0WXE48TvFFlmKFp\n8XqKu+FK0gkl2HtloGUf9wJroPB+DL5jmcMZwdP9+BItgP7LGp6Rmi5tiCU6NOjN\nKhFcMa+3iYNqt7n2zcWnvQ8QrPoW6mIjyFJHsPECgYEAmxfR+Z+H6fUNY157U/jN\n7e6v/aoHi+IaJACSof+L5PlxIm/gUZmrd7tCSFNZ4euR5eQQPU0+lMbY/Xv5NelE\nUlxbkek59quj4ciA4HkNGmA5FQEPPipzaH8Fsnh7TN4SCYSi6hOVv5h3KUYMYitb\n/gbicXaiG/i+dYAxB8mIiIECgYANjsuI0TzFoeDqm4D1EQeEJeYYACO/m5qmQXm3\nSx6W8ckHyX3TwjQMcqMbZPd2RSKbRz3G+lBUzm2Svbz9o7L5Qdi4Rl0MBYRqk60X\nBQL6AD5TZ8HysN22YLvBUdmqmR+2r0gY1tnhR23HmX6Oldvhix4tI66AyYNso6vo\nx4fnoQKBgQC0PYaA5W9eCBpyMcAgoJq7f7N6XMGZG77xZzzyouBOidfpmstqlFM2\nsS7PQx1mKIaUs8kj03Euv/+5BGb4Ko8UogrGbnNUoYE9aFcUqSZ22WKphiuo++zt\nRL/0LcWHD4SZxh5bYLmClgFLlDG8MmCSLbkS2WfvROcW7SZEJe1WyA==\n-----END RSA PRIVATE KEY-----\n",
            "private_key_pem_pkcs8": "-----BEGIN PRIVATE KEY-----\nMIIEvgIBADANBgkqhkiG9w0BAQEFAASCBKgwggSkAgEAAoIBAQCvoEK1Z6wHYgtG\nDn5zqEL5YzLoGnAmmosd9c9MrbVzGWod+Ml0AMY3wuWD/D1SdsrPbVr83TIt3YNG\nFkXnFfckAHHqsRL3Vs5k48XjaQL7w3dv6kYA/fNxDaPjdkBQaA6/7Jrcsfa95PBO\n8Y3Q4msB9dwm1F1+fiqwWOU5Uq5xsDvDKKcs6VtyTC79NQtd1idcJQE6danNRz18\n/O03uDKqfHxXoIYbUOcx5/18+BheqS9c+C6fP1x8L1SWZ40wp+ozzRnQsHFGYOeJ\nl9Lb6cb9biuVcqCHsmm3HF490ChDcC5dikHcww2+dBVYocsDOeqVW6TYlAjUswgF\npb6tqjE7AgMBAAECggEATSkqldveG4JKdLWiffsDreEU+R/AfV1x2LBqKwS4z0Bv\nvIpVLAe5Dr+sqf/VC1mQwnCHxMgEJ12GsvDPNneSlPkzE4tHy26SkIX4J/E3s9hN\nrdhueDoazmVRR3rpR8poDI+N/H+d6hFfOTfseEU6AWr9FfxAtXYGGGN+FmDKrryl\nfNEoRwQvTxhPk8ccJmwAq0seKMgDsBxceSTESp/MCxBRXWU4eugLlmjVPbrRtUvp\nR/sjwPtNhIX2kFDj+60Y4VD1NSukckdlq5wbedE/pvUUUbMCG91DD1XNHrmwecP7\ngGj1m9u2hhC4rqHzXTy+Y/y4LU29UH14xDv3AxQOEQKBgQDn2cUNvjvZ3NHNDmF2\nZpkUKUjC3Iba3vXx9FwjPG/00cmZa0ZEutgdALZlx2TXq3exdao9FsXl3wGFKux7\n50z2Ga5syALNZK+6X4BtF2/bRCGSdw4yam081mmtxTgW8fqgFe90i8VwA089RjMP\npewPhrrRDrCBdv+FyOn/OIcE6wKBgQDB60bvK45oSo/zSPFkykjr2pR/u9LXoAdB\nYDU7YafW5mjmxosTjnWzRZcTjxO8UWWYoWnxeoq74UrSCSXYe2WgZR/3Amug8H4M\nvmOZwxnB0/34Ei2A/ssanpGaLm2IJTo06M0qEVwxr7eJg2q3ufbNxae9DxCs+hbq\nYiPIUkew8QKBgQCbF9H5n4fp9Q1jXntT+M3t7q/9qgeL4hokAJKh/4vk+XEib+BR\nmat3u0JIU1nh65Hl5BA9TT6Uxtj9e/k16URSXFuR6Tn2q6PhyIDgeQ0aYDkVAQ8+\nKnNofwWyeHtM3hIJhKLqE5W/mHcpRgxiK1v+BuJxdqIb+L51gDEHyYiIgQKBgA2O\ny4jRPMWh4OqbgPURB4Ql5hgAI7+bmqZBebdLHpbxyQfJfdPCNAxyoxtk93ZFIptH\nPcb6UFTObZK9vP2jsvlB2LhGXQwFhGqTrRcFAvoAPlNnwfKw3bZgu8FR2aqZH7av\nSBjW2eFHbceZfo6V2+GLHi0jroDJg2yjq+jHh+ehAoGBALQ9hoDlb14IGnIxwCCg\nmrt/s3pcwZkbvvFnPPKi4E6J1+may2qUUzaxLs9DHWYohpSzySPTcS6//7kEZvgq\njxSiCsZuc1ShgT1oVxSpJnbZYqmGK6j77O1Ev/QtxYcPhJnGHltguYKWAUuUMbwy\nYJItuRLZZ+9E5xbtJkQl7VbI\n-----END PRIVATE KEY-----\n",
            "public_key_fingerprint_md5": "17:26:16:cb:3e:dc:64:56:c4:c9:64:a6:b8:15:26:a5",
            "public_key_fingerprint_sha256": "SHA256:yyj/foFvrAEhmwwftN2PkmK0fzMDUx2cdAm0bUF+k6M",
            "public_key_openssh": "ssh-rsa AAAAB3NzaC1yc2EAAAADAQABAAABAQCvoEK1Z6wHYgtGDn5zqEL5YzLoGnAmmosd9c9MrbVzGWod+Ml0AMY3wuWD/D1SdsrPbVr83TIt3YNGFkXnFfckAHHqsRL3Vs5k48XjaQL7w3dv6kYA/fNxDaPjdkBQaA6/7Jrcsfa95PBO8Y3Q4msB9dwm1F1+fiqwWOU5Uq5xsDvDKKcs6VtyTC79NQtd1idcJQE6danNRz18/O03uDKqfHxXoIYbUOcx5/18+BheqS9c+C6fP1x8L1SWZ40wp+ozzRnQsHFGYOeJl9Lb6cb9biuVcqCHsmm3HF490ChDcC5dikHcww2+dBVYocsDOeqVW6TYlAjUswgFpb6tqjE7\n",
            "public_key_pem": "-----BEGIN PUBLIC KEY-----\nMIIBIjANBgkqhkiG9w0BAQEFAAOCAQ8AMIIBCgKCAQEAr6BCtWesB2ILRg5+c6hC\n+WMy6BpwJpqLHfXPTK21cxlqHfjJdADGN8Llg/w9UnbKz21a/N0yLd2DRhZF5xX3\nJABx6rES91bOZOPF42kC+8N3b+pGAP3zcQ2j43ZAUGgOv+ya3LH2veTwTvGN0OJr\nAfXcJtRdfn4qsFjlOVKucbA7wyinLOlbckwu/TULXdYnXCUBOnWpzUc9fPztN7gy\nqnx8V6CGG1DnMef9fPgYXqkvXPgunz9cfC9UlmeNMKfqM80Z0LBxRmDniZfS2+nG\n/W4rlXKgh7JptxxePdAoQ3AuXYpB3MMNvnQVWKHLAznqlVuk2JQI1LMIBaW+raox\nOwIDAQAB\n-----END PUBLIC KEY-----\n",
            "rsa_bits": 2048
          },
          "sensitive_attributes": [
            [
              {
                "type": "get_attr",
                "value": "private_key_openssh"
              }
            ],
            [
              {
                "type": "get_attr",
                "value": "private_key_pem"
              }
            ],
            [
              {
                "type": "get_attr",
                "value": "private_key_pem_pkcs8"
              }
            ]
          ],
          "identity_schema_version": 0
        }
      ]
    }
  ],
  "check_results": null
}
